// !$*UTF8*$!
{
	archiveVersion = 1;
	classes = {
	};
	objectVersion = 56;
	objects = {

/* Begin PBXBuildFile section */
		1785331D299D4FA2001C2415 /* ResultLabel.swift in Sources */ = {isa = PBXBuildFile; fileRef = 1785331C299D4FA2001C2415 /* ResultLabel.swift */; };
		1785331F299D60A7001C2415 /* Button.swift in Sources */ = {isa = PBXBuildFile; fileRef = 1785331E299D60A7001C2415 /* Button.swift */; };
		17A6AB52299A8F02003BE599 /* AppDelegate.swift in Sources */ = {isa = PBXBuildFile; fileRef = 17A6AB51299A8F02003BE599 /* AppDelegate.swift */; };
		17A6AB54299A8F02003BE599 /* SceneDelegate.swift in Sources */ = {isa = PBXBuildFile; fileRef = 17A6AB53299A8F02003BE599 /* SceneDelegate.swift */; };
		17A6AB56299A8F02003BE599 /* ViewController.swift in Sources */ = {isa = PBXBuildFile; fileRef = 17A6AB55299A8F02003BE599 /* ViewController.swift */; };
		17A6AB5B299A8F04003BE599 /* Assets.xcassets in Resources */ = {isa = PBXBuildFile; fileRef = 17A6AB5A299A8F04003BE599 /* Assets.xcassets */; };
		17A6AB5E299A8F04003BE599 /* LaunchScreen.storyboard in Resources */ = {isa = PBXBuildFile; fileRef = 17A6AB5C299A8F04003BE599 /* LaunchScreen.storyboard */; };
		17A6AB6B299A9DDA003BE599 /* Resources.swift in Sources */ = {isa = PBXBuildFile; fileRef = 17A6AB6A299A9DDA003BE599 /* Resources.swift */; };
		17A6AB78299AAFC5003BE599 /* Titles.swift in Sources */ = {isa = PBXBuildFile; fileRef = 17A6AB77299AAFC5003BE599 /* Titles.swift */; };
		17A6AB7A299AB191003BE599 /* Segment.swift in Sources */ = {isa = PBXBuildFile; fileRef = 17A6AB79299AB191003BE599 /* Segment.swift */; };
		17A6AB7C299ABD37003BE599 /* TextField.swift in Sources */ = {isa = PBXBuildFile; fileRef = 17A6AB7B299ABD37003BE599 /* TextField.swift */; };
/* End PBXBuildFile section */

/* Begin PBXFileReference section */
		1785331C299D4FA2001C2415 /* ResultLabel.swift */ = {isa = PBXFileReference; lastKnownFileType = sourcecode.swift; path = ResultLabel.swift; sourceTree = "<group>"; };
		1785331E299D60A7001C2415 /* Button.swift */ = {isa = PBXFileReference; lastKnownFileType = sourcecode.swift; path = Button.swift; sourceTree = "<group>"; };
		17A6AB4E299A8F02003BE599 /* TemperatureСonversion.app */ = {isa = PBXFileReference; explicitFileType = wrapper.application; includeInIndex = 0; path = "TemperatureСonversion.app"; sourceTree = BUILT_PRODUCTS_DIR; };
		17A6AB51299A8F02003BE599 /* AppDelegate.swift */ = {isa = PBXFileReference; lastKnownFileType = sourcecode.swift; path = AppDelegate.swift; sourceTree = "<group>"; };
		17A6AB53299A8F02003BE599 /* SceneDelegate.swift */ = {isa = PBXFileReference; lastKnownFileType = sourcecode.swift; path = SceneDelegate.swift; sourceTree = "<group>"; };
		17A6AB55299A8F02003BE599 /* ViewController.swift */ = {isa = PBXFileReference; lastKnownFileType = sourcecode.swift; path = ViewController.swift; sourceTree = "<group>"; };
		17A6AB5A299A8F04003BE599 /* Assets.xcassets */ = {isa = PBXFileReference; lastKnownFileType = folder.assetcatalog; path = Assets.xcassets; sourceTree = "<group>"; };
		17A6AB5D299A8F04003BE599 /* Base */ = {isa = PBXFileReference; lastKnownFileType = file.storyboard; name = Base; path = Base.lproj/LaunchScreen.storyboard; sourceTree = "<group>"; };
		17A6AB5F299A8F04003BE599 /* Info.plist */ = {isa = PBXFileReference; lastKnownFileType = text.plist.xml; path = Info.plist; sourceTree = "<group>"; };
		17A6AB6A299A9DDA003BE599 /* Resources.swift */ = {isa = PBXFileReference; lastKnownFileType = sourcecode.swift; path = Resources.swift; sourceTree = "<group>"; };
		17A6AB77299AAFC5003BE599 /* Titles.swift */ = {isa = PBXFileReference; lastKnownFileType = sourcecode.swift; path = Titles.swift; sourceTree = "<group>"; };
		17A6AB79299AB191003BE599 /* Segment.swift */ = {isa = PBXFileReference; lastKnownFileType = sourcecode.swift; path = Segment.swift; sourceTree = "<group>"; };
		17A6AB7B299ABD37003BE599 /* TextField.swift */ = {isa = PBXFileReference; lastKnownFileType = sourcecode.swift; path = TextField.swift; sourceTree = "<group>"; };
/* End PBXFileReference section */

/* Begin PBXFrameworksBuildPhase section */
		17A6AB4B299A8F02003BE599 /* Frameworks */ = {
			isa = PBXFrameworksBuildPhase;
			buildActionMask = 2147483647;
			files = (
			);
			runOnlyForDeploymentPostprocessing = 0;
		};
/* End PBXFrameworksBuildPhase section */

/* Begin PBXGroup section */
		17A6AB45299A8F02003BE599 = {
			isa = PBXGroup;
			children = (
				17A6AB50299A8F02003BE599 /* TemperatureСonversion */,
				17A6AB4F299A8F02003BE599 /* Products */,
			);
			sourceTree = "<group>";
		};
		17A6AB4F299A8F02003BE599 /* Products */ = {
			isa = PBXGroup;
			children = (
				17A6AB4E299A8F02003BE599 /* TemperatureСonversion.app */,
			);
			name = Products;
			sourceTree = "<group>";
		};
		17A6AB50299A8F02003BE599 /* TemperatureСonversion */ = {
			isa = PBXGroup;
			children = (
				17A6AB66299A9485003BE599 /* Application */,
				17A6AB6C299AA0E9003BE599 /* Controller */,
				17A6AB6E299AA12A003BE599 /* View */,
				17A6AB69299A9DC6003BE599 /* Helpers */,
				17A6AB65299A9456003BE599 /* Resources */,
			);
			path = "TemperatureСonversion";
			sourceTree = "<group>";
		};
		17A6AB65299A9456003BE599 /* Resources */ = {
			isa = PBXGroup;
			children = (
				17A6AB5A299A8F04003BE599 /* Assets.xcassets */,
				17A6AB5C299A8F04003BE599 /* LaunchScreen.storyboard */,
				17A6AB5F299A8F04003BE599 /* Info.plist */,
			);
			path = Resources;
			sourceTree = "<group>";
		};
		17A6AB66299A9485003BE599 /* Application */ = {
			isa = PBXGroup;
			children = (
				17A6AB51299A8F02003BE599 /* AppDelegate.swift */,
				17A6AB53299A8F02003BE599 /* SceneDelegate.swift */,
			);
			path = Application;
			sourceTree = "<group>";
		};
		17A6AB69299A9DC6003BE599 /* Helpers */ = {
			isa = PBXGroup;
			children = (
				17A6AB6A299A9DDA003BE599 /* Resources.swift */,
			);
			path = Helpers;
			sourceTree = "<group>";
		};
		17A6AB6C299AA0E9003BE599 /* Controller */ = {
			isa = PBXGroup;
			children = (
				17A6AB55299A8F02003BE599 /* ViewController.swift */,
			);
			path = Controller;
			sourceTree = "<group>";
		};
		17A6AB6E299AA12A003BE599 /* View */ = {
			isa = PBXGroup;
			children = (
				17A6AB77299AAFC5003BE599 /* Titles.swift */,
				17A6AB79299AB191003BE599 /* Segment.swift */,
				17A6AB7B299ABD37003BE599 /* TextField.swift */,
				1785331C299D4FA2001C2415 /* ResultLabel.swift */,
				1785331E299D60A7001C2415 /* Button.swift */,
			);
			path = View;
			sourceTree = "<group>";
		};
/* End PBXGroup section */

/* Begin PBXNativeTarget section */
		17A6AB4D299A8F02003BE599 /* TemperatureСonversion */ = {
			isa = PBXNativeTarget;
			buildConfigurationList = 17A6AB62299A8F04003BE599 /* Build configuration list for PBXNativeTarget "TemperatureСonversion" */;
			buildPhases = (
				17A6AB4A299A8F02003BE599 /* Sources */,
				17A6AB4B299A8F02003BE599 /* Frameworks */,
				17A6AB4C299A8F02003BE599 /* Resources */,
			);
			buildRules = (
			);
			dependencies = (
			);
			name = "TemperatureСonversion";
			productName = "TemperatureСonversion";
			productReference = 17A6AB4E299A8F02003BE599 /* TemperatureСonversion.app */;
			productType = "com.apple.product-type.application";
		};
/* End PBXNativeTarget section */

/* Begin PBXProject section */
		17A6AB46299A8F02003BE599 /* Project object */ = {
			isa = PBXProject;
			attributes = {
				BuildIndependentTargetsInParallel = 1;
				LastSwiftUpdateCheck = 1410;
				LastUpgradeCheck = 1410;
				TargetAttributes = {
					17A6AB4D299A8F02003BE599 = {
						CreatedOnToolsVersion = 14.1;
					};
				};
			};
			buildConfigurationList = 17A6AB49299A8F02003BE599 /* Build configuration list for PBXProject "TemperatureСonversion" */;
			compatibilityVersion = "Xcode 14.0";
			developmentRegion = en;
			hasScannedForEncodings = 0;
			knownRegions = (
				en,
				Base,
			);
			mainGroup = 17A6AB45299A8F02003BE599;
			productRefGroup = 17A6AB4F299A8F02003BE599 /* Products */;
			projectDirPath = "";
			projectRoot = "";
			targets = (
				17A6AB4D299A8F02003BE599 /* TemperatureСonversion */,
			);
		};
/* End PBXProject section */

/* Begin PBXResourcesBuildPhase section */
		17A6AB4C299A8F02003BE599 /* Resources */ = {
			isa = PBXResourcesBuildPhase;
			buildActionMask = 2147483647;
			files = (
				17A6AB5E299A8F04003BE599 /* LaunchScreen.storyboard in Resources */,
				17A6AB5B299A8F04003BE599 /* Assets.xcassets in Resources */,
			);
			runOnlyForDeploymentPostprocessing = 0;
		};
/* End PBXResourcesBuildPhase section */

/* Begin PBXSourcesBuildPhase section */
		17A6AB4A299A8F02003BE599 /* Sources */ = {
			isa = PBXSourcesBuildPhase;
			buildActionMask = 2147483647;
			files = (
				17A6AB78299AAFC5003BE599 /* Titles.swift in Sources */,
				17A6AB7A299AB191003BE599 /* Segment.swift in Sources */,
				17A6AB56299A8F02003BE599 /* ViewController.swift in Sources */,
				1785331D299D4FA2001C2415 /* ResultLabel.swift in Sources */,
				17A6AB7C299ABD37003BE599 /* TextField.swift in Sources */,
				17A6AB52299A8F02003BE599 /* AppDelegate.swift in Sources */,
				17A6AB6B299A9DDA003BE599 /* Resources.swift in Sources */,
				1785331F299D60A7001C2415 /* Button.swift in Sources */,
				17A6AB54299A8F02003BE599 /* SceneDelegate.swift in Sources */,
			);
			runOnlyForDeploymentPostprocessing = 0;
		};
/* End PBXSourcesBuildPhase section */

/* Begin PBXVariantGroup section */
		17A6AB5C299A8F04003BE599 /* LaunchScreen.storyboard */ = {
			isa = PBXVariantGroup;
			children = (
				17A6AB5D299A8F04003BE599 /* Base */,
			);
			name = LaunchScreen.storyboard;
			sourceTree = "<group>";
		};
/* End PBXVariantGroup section */

/* Begin XCBuildConfiguration section */
		17A6AB60299A8F04003BE599 /* Debug */ = {
			isa = XCBuildConfiguration;
			buildSettings = {
				ALWAYS_SEARCH_USER_PATHS = NO;
				CLANG_ANALYZER_NONNULL = YES;
				CLANG_ANALYZER_NUMBER_OBJECT_CONVERSION = YES_AGGRESSIVE;
				CLANG_CXX_LANGUAGE_STANDARD = "gnu++20";
				CLANG_ENABLE_MODULES = YES;
				CLANG_ENABLE_OBJC_ARC = YES;
				CLANG_ENABLE_OBJC_WEAK = YES;
				CLANG_WARN_BLOCK_CAPTURE_AUTORELEASING = YES;
				CLANG_WARN_BOOL_CONVERSION = YES;
				CLANG_WARN_COMMA = YES;
				CLANG_WARN_CONSTANT_CONVERSION = YES;
				CLANG_WARN_DEPRECATED_OBJC_IMPLEMENTATIONS = YES;
				CLANG_WARN_DIRECT_OBJC_ISA_USAGE = YES_ERROR;
				CLANG_WARN_DOCUMENTATION_COMMENTS = YES;
				CLANG_WARN_EMPTY_BODY = YES;
				CLANG_WARN_ENUM_CONVERSION = YES;
				CLANG_WARN_INFINITE_RECURSION = YES;
				CLANG_WARN_INT_CONVERSION = YES;
				CLANG_WARN_NON_LITERAL_NULL_CONVERSION = YES;
				CLANG_WARN_OBJC_IMPLICIT_RETAIN_SELF = YES;
				CLANG_WARN_OBJC_LITERAL_CONVERSION = YES;
				CLANG_WARN_OBJC_ROOT_CLASS = YES_ERROR;
				CLANG_WARN_QUOTED_INCLUDE_IN_FRAMEWORK_HEADER = YES;
				CLANG_WARN_RANGE_LOOP_ANALYSIS = YES;
				CLANG_WARN_STRICT_PROTOTYPES = YES;
				CLANG_WARN_SUSPICIOUS_MOVE = YES;
				CLANG_WARN_UNGUARDED_AVAILABILITY = YES_AGGRESSIVE;
				CLANG_WARN_UNREACHABLE_CODE = YES;
				CLANG_WARN__DUPLICATE_METHOD_MATCH = YES;
				COPY_PHASE_STRIP = NO;
				DEBUG_INFORMATION_FORMAT = dwarf;
				ENABLE_STRICT_OBJC_MSGSEND = YES;
				ENABLE_TESTABILITY = YES;
				GCC_C_LANGUAGE_STANDARD = gnu11;
				GCC_DYNAMIC_NO_PIC = NO;
				GCC_NO_COMMON_BLOCKS = YES;
				GCC_OPTIMIZATION_LEVEL = 0;
				GCC_PREPROCESSOR_DEFINITIONS = (
					"DEBUG=1",
					"$(inherited)",
				);
				GCC_WARN_64_TO_32_BIT_CONVERSION = YES;
				GCC_WARN_ABOUT_RETURN_TYPE = YES_ERROR;
				GCC_WARN_UNDECLARED_SELECTOR = YES;
				GCC_WARN_UNINITIALIZED_AUTOS = YES_AGGRESSIVE;
				GCC_WARN_UNUSED_FUNCTION = YES;
				GCC_WARN_UNUSED_VARIABLE = YES;
				IPHONEOS_DEPLOYMENT_TARGET = 16.1;
				MTL_ENABLE_DEBUG_INFO = INCLUDE_SOURCE;
				MTL_FAST_MATH = YES;
				ONLY_ACTIVE_ARCH = YES;
				SDKROOT = iphoneos;
				SWIFT_ACTIVE_COMPILATION_CONDITIONS = DEBUG;
				SWIFT_OPTIMIZATION_LEVEL = "-Onone";
			};
			name = Debug;
		};
		17A6AB61299A8F04003BE599 /* Release */ = {
			isa = XCBuildConfiguration;
			buildSettings = {
				ALWAYS_SEARCH_USER_PATHS = NO;
				CLANG_ANALYZER_NONNULL = YES;
				CLANG_ANALYZER_NUMBER_OBJECT_CONVERSION = YES_AGGRESSIVE;
				CLANG_CXX_LANGUAGE_STANDARD = "gnu++20";
				CLANG_ENABLE_MODULES = YES;
				CLANG_ENABLE_OBJC_ARC = YES;
				CLANG_ENABLE_OBJC_WEAK = YES;
				CLANG_WARN_BLOCK_CAPTURE_AUTORELEASING = YES;
				CLANG_WARN_BOOL_CONVERSION = YES;
				CLANG_WARN_COMMA = YES;
				CLANG_WARN_CONSTANT_CONVERSION = YES;
				CLANG_WARN_DEPRECATED_OBJC_IMPLEMENTATIONS = YES;
				CLANG_WARN_DIRECT_OBJC_ISA_USAGE = YES_ERROR;
				CLANG_WARN_DOCUMENTATION_COMMENTS = YES;
				CLANG_WARN_EMPTY_BODY = YES;
				CLANG_WARN_ENUM_CONVERSION = YES;
				CLANG_WARN_INFINITE_RECURSION = YES;
				CLANG_WARN_INT_CONVERSION = YES;
				CLANG_WARN_NON_LITERAL_NULL_CONVERSION = YES;
				CLANG_WARN_OBJC_IMPLICIT_RETAIN_SELF = YES;
				CLANG_WARN_OBJC_LITERAL_CONVERSION = YES;
				CLANG_WARN_OBJC_ROOT_CLASS = YES_ERROR;
				CLANG_WARN_QUOTED_INCLUDE_IN_FRAMEWORK_HEADER = YES;
				CLANG_WARN_RANGE_LOOP_ANALYSIS = YES;
				CLANG_WARN_STRICT_PROTOTYPES = YES;
				CLANG_WARN_SUSPICIOUS_MOVE = YES;
				CLANG_WARN_UNGUARDED_AVAILABILITY = YES_AGGRESSIVE;
				CLANG_WARN_UNREACHABLE_CODE = YES;
				CLANG_WARN__DUPLICATE_METHOD_MATCH = YES;
				COPY_PHASE_STRIP = NO;
				DEBUG_INFORMATION_FORMAT = "dwarf-with-dsym";
				ENABLE_NS_ASSERTIONS = NO;
				ENABLE_STRICT_OBJC_MSGSEND = YES;
				GCC_C_LANGUAGE_STANDARD = gnu11;
				GCC_NO_COMMON_BLOCKS = YES;
				GCC_WARN_64_TO_32_BIT_CONVERSION = YES;
				GCC_WARN_ABOUT_RETURN_TYPE = YES_ERROR;
				GCC_WARN_UNDECLARED_SELECTOR = YES;
				GCC_WARN_UNINITIALIZED_AUTOS = YES_AGGRESSIVE;
				GCC_WARN_UNUSED_FUNCTION = YES;
				GCC_WARN_UNUSED_VARIABLE = YES;
				IPHONEOS_DEPLOYMENT_TARGET = 16.1;
				MTL_ENABLE_DEBUG_INFO = NO;
				MTL_FAST_MATH = YES;
				SDKROOT = iphoneos;
				SWIFT_COMPILATION_MODE = wholemodule;
				SWIFT_OPTIMIZATION_LEVEL = "-O";
				VALIDATE_PRODUCT = YES;
			};
			name = Release;
		};
		17A6AB63299A8F04003BE599 /* Debug */ = {
			isa = XCBuildConfiguration;
			buildSettings = {
				ASSETCATALOG_COMPILER_APPICON_NAME = AppIcon;
				ASSETCATALOG_COMPILER_GLOBAL_ACCENT_COLOR_NAME = AccentColor;
				CODE_SIGN_STYLE = Automatic;
				CURRENT_PROJECT_VERSION = 1;
				DEVELOPMENT_TEAM = LA9F8MT28T;
				GENERATE_INFOPLIST_FILE = YES;
				INFOPLIST_FILE = "TemperatureСonversion/Resources/Info.plist";
				INFOPLIST_KEY_UIApplicationSupportsIndirectInputEvents = YES;
				INFOPLIST_KEY_UILaunchStoryboardName = LaunchScreen;
				INFOPLIST_KEY_UISupportedInterfaceOrientations = UIInterfaceOrientationPortrait;
				INFOPLIST_KEY_UISupportedInterfaceOrientations_iPad = "UIInterfaceOrientationLandscapeLeft UIInterfaceOrientationLandscapeRight UIInterfaceOrientationPortrait UIInterfaceOrientationPortraitUpsideDown";
				LD_RUNPATH_SEARCH_PATHS = (
					"$(inherited)",
					"@executable_path/Frameworks",
				);
				MARKETING_VERSION = 1.0;
				PRODUCT_BUNDLE_IDENTIFIER = "com.karen.Temperature-onversion";
				PRODUCT_NAME = "$(TARGET_NAME)";
				SWIFT_EMIT_LOC_STRINGS = YES;
				SWIFT_VERSION = 5.0;
				TARGETED_DEVICE_FAMILY = "1,2";
			};
			name = Debug;
		};
		17A6AB64299A8F04003BE599 /* Release */ = {
			isa = XCBuildConfiguration;
			buildSettings = {
				ASSETCATALOG_COMPILER_APPICON_NAME = AppIcon;
				ASSETCATALOG_COMPILER_GLOBAL_ACCENT_COLOR_NAME = AccentColor;
				CODE_SIGN_STYLE = Automatic;
				CURRENT_PROJECT_VERSION = 1;
				DEVELOPMENT_TEAM = LA9F8MT28T;
				GENERATE_INFOPLIST_FILE = YES;
				INFOPLIST_FILE = "TemperatureСonversion/Resources/Info.plist";
				INFOPLIST_KEY_UIApplicationSupportsIndirectInputEvents = YES;
				INFOPLIST_KEY_UILaunchStoryboardName = LaunchScreen;
				INFOPLIST_KEY_UISupportedInterfaceOrientations = UIInterfaceOrientationPortrait;
				INFOPLIST_KEY_UISupportedInterfaceOrientations_iPad = "UIInterfaceOrientationLandscapeLeft UIInterfaceOrientationLandscapeRight UIInterfaceOrientationPortrait UIInterfaceOrientationPortraitUpsideDown";
				LD_RUNPATH_SEARCH_PATHS = (
					"$(inherited)",
					"@executable_path/Frameworks",
				);
				MARKETING_VERSION = 1.0;
				PRODUCT_BUNDLE_IDENTIFIER = "com.karen.Temperature-onversion";
				PRODUCT_NAME = "$(TARGET_NAME)";
				SWIFT_EMIT_LOC_STRINGS = YES;
				SWIFT_VERSION = 5.0;
				TARGETED_DEVICE_FAMILY = "1,2";
			};
			name = Release;
		};
/* End XCBuildConfiguration section */

/* Begin XCConfigurationList section */
		17A6AB49299A8F02003BE599 /* Build configuration list for PBXProject "TemperatureСonversion" */ = {
			isa = XCConfigurationList;
			buildConfigurations = (
				17A6AB60299A8F04003BE599 /* Debug */,
				17A6AB61299A8F04003BE599 /* Release */,
			);
			defaultConfigurationIsVisible = 0;
			defaultConfigurationName = Release;
		};
		17A6AB62299A8F04003BE599 /* Build configuration list for PBXNativeTarget "TemperatureСonversion" */ = {
			isa = XCConfigurationList;
			buildConfigurations = (
				17A6AB63299A8F04003BE599 /* Debug */,
				17A6AB64299A8F04003BE599 /* Release */,
			);
			defaultConfigurationIsVisible = 0;
			defaultConfigurationName = Release;
		};
/* End XCConfigurationList section */
	};
	rootObject = 17A6AB46299A8F02003BE599 /* Project object */;
}
