// !$*UTF8*$!
{
	archiveVersion = 1;
	classes = {
	};
	objectVersion = 56;
	objects = {

/* Begin PBXBuildFile section */
		1724062829A3A1DE0009E0A5 /* ImageTableView.swift in Sources */ = {isa = PBXBuildFile; fileRef = 1724062729A3A1DE0009E0A5 /* ImageTableView.swift */; };
		1724062A29A3AEAB0009E0A5 /* ImageController.swift in Sources */ = {isa = PBXBuildFile; fileRef = 1724062929A3AEAB0009E0A5 /* ImageController.swift */; };
		1785338129A296A3001C2415 /* AppDelegate.swift in Sources */ = {isa = PBXBuildFile; fileRef = 1785338029A296A3001C2415 /* AppDelegate.swift */; };
		1785338329A296A3001C2415 /* SceneDelegate.swift in Sources */ = {isa = PBXBuildFile; fileRef = 1785338229A296A3001C2415 /* SceneDelegate.swift */; };
		1785338529A296A3001C2415 /* ViewController.swift in Sources */ = {isa = PBXBuildFile; fileRef = 1785338429A296A3001C2415 /* ViewController.swift */; };
		1785338A29A296A5001C2415 /* Assets.xcassets in Resources */ = {isa = PBXBuildFile; fileRef = 1785338929A296A5001C2415 /* Assets.xcassets */; };
		1785338D29A296A5001C2415 /* LaunchScreen.storyboard in Resources */ = {isa = PBXBuildFile; fileRef = 1785338B29A296A5001C2415 /* LaunchScreen.storyboard */; };
		178533A429A29AEA001C2415 /* img4.png in Resources */ = {isa = PBXBuildFile; fileRef = 1785339829A29AE9001C2415 /* img4.png */; };
		178533A529A29AEA001C2415 /* img6.png in Resources */ = {isa = PBXBuildFile; fileRef = 1785339929A29AE9001C2415 /* img6.png */; };
		178533A629A29AEA001C2415 /* img11.png in Resources */ = {isa = PBXBuildFile; fileRef = 1785339A29A29AE9001C2415 /* img11.png */; };
		178533A729A29AEA001C2415 /* img12.png in Resources */ = {isa = PBXBuildFile; fileRef = 1785339B29A29AE9001C2415 /* img12.png */; };
		178533A829A29AEA001C2415 /* img2.png in Resources */ = {isa = PBXBuildFile; fileRef = 1785339C29A29AE9001C2415 /* img2.png */; };
		178533A929A29AEA001C2415 /* img7.png in Resources */ = {isa = PBXBuildFile; fileRef = 1785339D29A29AE9001C2415 /* img7.png */; };
		178533AA29A29AEA001C2415 /* img5.png in Resources */ = {isa = PBXBuildFile; fileRef = 1785339E29A29AE9001C2415 /* img5.png */; };
		178533AB29A29AEA001C2415 /* img9.png in Resources */ = {isa = PBXBuildFile; fileRef = 1785339F29A29AE9001C2415 /* img9.png */; };
		178533AC29A29AEA001C2415 /* img10.png in Resources */ = {isa = PBXBuildFile; fileRef = 178533A029A29AE9001C2415 /* img10.png */; };
		178533AD29A29AEA001C2415 /* img8.png in Resources */ = {isa = PBXBuildFile; fileRef = 178533A129A29AE9001C2415 /* img8.png */; };
		178533AE29A29AEA001C2415 /* img1.png in Resources */ = {isa = PBXBuildFile; fileRef = 178533A229A29AE9001C2415 /* img1.png */; };
		178533AF29A29AEA001C2415 /* img3.png in Resources */ = {isa = PBXBuildFile; fileRef = 178533A329A29AEA001C2415 /* img3.png */; };
/* End PBXBuildFile section */

/* Begin PBXFileReference section */
		1724062729A3A1DE0009E0A5 /* ImageTableView.swift */ = {isa = PBXFileReference; lastKnownFileType = sourcecode.swift; path = ImageTableView.swift; sourceTree = "<group>"; };
		1724062929A3AEAB0009E0A5 /* ImageController.swift */ = {isa = PBXFileReference; lastKnownFileType = sourcecode.swift; path = ImageController.swift; sourceTree = "<group>"; };
		1785337D29A296A3001C2415 /* ImageFileManage.app */ = {isa = PBXFileReference; explicitFileType = wrapper.application; includeInIndex = 0; path = ImageFileManage.app; sourceTree = BUILT_PRODUCTS_DIR; };
		1785338029A296A3001C2415 /* AppDelegate.swift */ = {isa = PBXFileReference; lastKnownFileType = sourcecode.swift; path = AppDelegate.swift; sourceTree = "<group>"; };
		1785338229A296A3001C2415 /* SceneDelegate.swift */ = {isa = PBXFileReference; lastKnownFileType = sourcecode.swift; path = SceneDelegate.swift; sourceTree = "<group>"; };
		1785338429A296A3001C2415 /* ViewController.swift */ = {isa = PBXFileReference; lastKnownFileType = sourcecode.swift; path = ViewController.swift; sourceTree = "<group>"; };
		1785338929A296A5001C2415 /* Assets.xcassets */ = {isa = PBXFileReference; lastKnownFileType = folder.assetcatalog; path = Assets.xcassets; sourceTree = "<group>"; };
		1785338C29A296A5001C2415 /* Base */ = {isa = PBXFileReference; lastKnownFileType = file.storyboard; name = Base; path = Base.lproj/LaunchScreen.storyboard; sourceTree = "<group>"; };
		1785338E29A296A5001C2415 /* Info.plist */ = {isa = PBXFileReference; lastKnownFileType = text.plist.xml; path = Info.plist; sourceTree = "<group>"; };
		1785339829A29AE9001C2415 /* img4.png */ = {isa = PBXFileReference; lastKnownFileType = image.png; path = img4.png; sourceTree = "<group>"; };
		1785339929A29AE9001C2415 /* img6.png */ = {isa = PBXFileReference; lastKnownFileType = image.png; path = img6.png; sourceTree = "<group>"; };
		1785339A29A29AE9001C2415 /* img11.png */ = {isa = PBXFileReference; lastKnownFileType = image.png; path = img11.png; sourceTree = "<group>"; };
		1785339B29A29AE9001C2415 /* img12.png */ = {isa = PBXFileReference; lastKnownFileType = image.png; path = img12.png; sourceTree = "<group>"; };
		1785339C29A29AE9001C2415 /* img2.png */ = {isa = PBXFileReference; lastKnownFileType = image.png; path = img2.png; sourceTree = "<group>"; };
		1785339D29A29AE9001C2415 /* img7.png */ = {isa = PBXFileReference; lastKnownFileType = image.png; path = img7.png; sourceTree = "<group>"; };
		1785339E29A29AE9001C2415 /* img5.png */ = {isa = PBXFileReference; lastKnownFileType = image.png; path = img5.png; sourceTree = "<group>"; };
		1785339F29A29AE9001C2415 /* img9.png */ = {isa = PBXFileReference; lastKnownFileType = image.png; path = img9.png; sourceTree = "<group>"; };
		178533A029A29AE9001C2415 /* img10.png */ = {isa = PBXFileReference; lastKnownFileType = image.png; path = img10.png; sourceTree = "<group>"; };
		178533A129A29AE9001C2415 /* img8.png */ = {isa = PBXFileReference; lastKnownFileType = image.png; path = img8.png; sourceTree = "<group>"; };
		178533A229A29AE9001C2415 /* img1.png */ = {isa = PBXFileReference; lastKnownFileType = image.png; path = img1.png; sourceTree = "<group>"; };
		178533A329A29AEA001C2415 /* img3.png */ = {isa = PBXFileReference; lastKnownFileType = image.png; path = img3.png; sourceTree = "<group>"; };
/* End PBXFileReference section */

/* Begin PBXFrameworksBuildPhase section */
		1785337A29A296A3001C2415 /* Frameworks */ = {
			isa = PBXFrameworksBuildPhase;
			buildActionMask = 2147483647;
			files = (
			);
			runOnlyForDeploymentPostprocessing = 0;
		};
/* End PBXFrameworksBuildPhase section */

/* Begin PBXGroup section */
		1724062629A3A1BC0009E0A5 /* View */ = {
			isa = PBXGroup;
			children = (
				1724062729A3A1DE0009E0A5 /* ImageTableView.swift */,
			);
			path = View;
			sourceTree = "<group>";
		};
		1785337429A296A3001C2415 = {
			isa = PBXGroup;
			children = (
				1785337F29A296A3001C2415 /* ImageFileManage */,
				1785337E29A296A3001C2415 /* Products */,
			);
			sourceTree = "<group>";
		};
		1785337E29A296A3001C2415 /* Products */ = {
			isa = PBXGroup;
			children = (
				1785337D29A296A3001C2415 /* ImageFileManage.app */,
			);
			name = Products;
			sourceTree = "<group>";
		};
		1785337F29A296A3001C2415 /* ImageFileManage */ = {
			isa = PBXGroup;
			children = (
				1785339729A29A81001C2415 /* Images */,
				1785339529A2997F001C2415 /* Application */,
				1724062629A3A1BC0009E0A5 /* View */,
				1785339629A29995001C2415 /* Controller */,
				1785339429A2992E001C2415 /* Resources */,
			);
			path = ImageFileManage;
			sourceTree = "<group>";
		};
		1785339429A2992E001C2415 /* Resources */ = {
			isa = PBXGroup;
			children = (
				1785338929A296A5001C2415 /* Assets.xcassets */,
				1785338B29A296A5001C2415 /* LaunchScreen.storyboard */,
				1785338E29A296A5001C2415 /* Info.plist */,
			);
			path = Resources;
			sourceTree = "<group>";
		};
		1785339529A2997F001C2415 /* Application */ = {
			isa = PBXGroup;
			children = (
				1785338029A296A3001C2415 /* AppDelegate.swift */,
				1785338229A296A3001C2415 /* SceneDelegate.swift */,
			);
			path = Application;
			sourceTree = "<group>";
		};
		1785339629A29995001C2415 /* Controller */ = {
			isa = PBXGroup;
			children = (
				1785338429A296A3001C2415 /* ViewController.swift */,
				1724062929A3AEAB0009E0A5 /* ImageController.swift */,
			);
			path = Controller;
			sourceTree = "<group>";
		};
		1785339729A29A81001C2415 /* Images */ = {
			isa = PBXGroup;
			children = (
				178533A229A29AE9001C2415 /* img1.png */,
				1785339C29A29AE9001C2415 /* img2.png */,
				178533A329A29AEA001C2415 /* img3.png */,
				1785339829A29AE9001C2415 /* img4.png */,
				1785339E29A29AE9001C2415 /* img5.png */,
				1785339929A29AE9001C2415 /* img6.png */,
				1785339D29A29AE9001C2415 /* img7.png */,
				178533A129A29AE9001C2415 /* img8.png */,
				1785339F29A29AE9001C2415 /* img9.png */,
				178533A029A29AE9001C2415 /* img10.png */,
				1785339A29A29AE9001C2415 /* img11.png */,
				1785339B29A29AE9001C2415 /* img12.png */,
			);
			path = Images;
			sourceTree = "<group>";
		};
/* End PBXGroup section */

/* Begin PBXNativeTarget section */
		1785337C29A296A3001C2415 /* ImageFileManage */ = {
			isa = PBXNativeTarget;
			buildConfigurationList = 1785339129A296A5001C2415 /* Build configuration list for PBXNativeTarget "ImageFileManage" */;
			buildPhases = (
				1785337929A296A3001C2415 /* Sources */,
				1785337A29A296A3001C2415 /* Frameworks */,
				1785337B29A296A3001C2415 /* Resources */,
			);
			buildRules = (
			);
			dependencies = (
			);
			name = ImageFileManage;
			productName = ImageFileManage;
			productReference = 1785337D29A296A3001C2415 /* ImageFileManage.app */;
			productType = "com.apple.product-type.application";
		};
/* End PBXNativeTarget section */

/* Begin PBXProject section */
		1785337529A296A3001C2415 /* Project object */ = {
			isa = PBXProject;
			attributes = {
				BuildIndependentTargetsInParallel = 1;
				LastSwiftUpdateCheck = 1410;
				LastUpgradeCheck = 1410;
				TargetAttributes = {
					1785337C29A296A3001C2415 = {
						CreatedOnToolsVersion = 14.1;
					};
				};
			};
			buildConfigurationList = 1785337829A296A3001C2415 /* Build configuration list for PBXProject "ImageFileManage" */;
			compatibilityVersion = "Xcode 14.0";
			developmentRegion = en;
			hasScannedForEncodings = 0;
			knownRegions = (
				en,
				Base,
			);
			mainGroup = 1785337429A296A3001C2415;
			productRefGroup = 1785337E29A296A3001C2415 /* Products */;
			projectDirPath = "";
			projectRoot = "";
			targets = (
				1785337C29A296A3001C2415 /* ImageFileManage */,
			);
		};
/* End PBXProject section */

/* Begin PBXResourcesBuildPhase section */
		1785337B29A296A3001C2415 /* Resources */ = {
			isa = PBXResourcesBuildPhase;
			buildActionMask = 2147483647;
			files = (
				178533AC29A29AEA001C2415 /* img10.png in Resources */,
				178533AB29A29AEA001C2415 /* img9.png in Resources */,
				178533A929A29AEA001C2415 /* img7.png in Resources */,
				178533AE29A29AEA001C2415 /* img1.png in Resources */,
				178533AA29A29AEA001C2415 /* img5.png in Resources */,
				178533A629A29AEA001C2415 /* img11.png in Resources */,
				178533A529A29AEA001C2415 /* img6.png in Resources */,
				178533A729A29AEA001C2415 /* img12.png in Resources */,
				1785338D29A296A5001C2415 /* LaunchScreen.storyboard in Resources */,
				178533AD29A29AEA001C2415 /* img8.png in Resources */,
				178533A829A29AEA001C2415 /* img2.png in Resources */,
				178533A429A29AEA001C2415 /* img4.png in Resources */,
				178533AF29A29AEA001C2415 /* img3.png in Resources */,
				1785338A29A296A5001C2415 /* Assets.xcassets in Resources */,
			);
			runOnlyForDeploymentPostprocessing = 0;
		};
/* End PBXResourcesBuildPhase section */

/* Begin PBXSourcesBuildPhase section */
		1785337929A296A3001C2415 /* Sources */ = {
			isa = PBXSourcesBuildPhase;
			buildActionMask = 2147483647;
			files = (
				1724062A29A3AEAB0009E0A5 /* ImageController.swift in Sources */,
				1785338529A296A3001C2415 /* ViewController.swift in Sources */,
				1724062829A3A1DE0009E0A5 /* ImageTableView.swift in Sources */,
				1785338129A296A3001C2415 /* AppDelegate.swift in Sources */,
				1785338329A296A3001C2415 /* SceneDelegate.swift in Sources */,
			);
			runOnlyForDeploymentPostprocessing = 0;
		};
/* End PBXSourcesBuildPhase section */

/* Begin PBXVariantGroup section */
		1785338B29A296A5001C2415 /* LaunchScreen.storyboard */ = {
			isa = PBXVariantGroup;
			children = (
				1785338C29A296A5001C2415 /* Base */,
			);
			name = LaunchScreen.storyboard;
			sourceTree = "<group>";
		};
/* End PBXVariantGroup section */

/* Begin XCBuildConfiguration section */
		1785338F29A296A5001C2415 /* Debug */ = {
			isa = XCBuildConfiguration;
			buildSettings = {
				ALWAYS_SEARCH_USER_PATHS = NO;
				CLANG_ANALYZER_NONNULL = YES;
				CLANG_ANALYZER_NUMBER_OBJECT_CONVERSION = YES_AGGRESSIVE;
				CLANG_CXX_LANGUAGE_STANDARD = "gnu++20";
				CLANG_ENABLE_MODULES = YES;
				CLANG_ENABLE_OBJC_ARC = YES;
				CLANG_ENABLE_OBJC_WEAK = YES;
				CLANG_WARN_BLOCK_CAPTURE_AUTORELEASING = YES;
				CLANG_WARN_BOOL_CONVERSION = YES;
				CLANG_WARN_COMMA = YES;
				CLANG_WARN_CONSTANT_CONVERSION = YES;
				CLANG_WARN_DEPRECATED_OBJC_IMPLEMENTATIONS = YES;
				CLANG_WARN_DIRECT_OBJC_ISA_USAGE = YES_ERROR;
				CLANG_WARN_DOCUMENTATION_COMMENTS = YES;
				CLANG_WARN_EMPTY_BODY = YES;
				CLANG_WARN_ENUM_CONVERSION = YES;
				CLANG_WARN_INFINITE_RECURSION = YES;
				CLANG_WARN_INT_CONVERSION = YES;
				CLANG_WARN_NON_LITERAL_NULL_CONVERSION = YES;
				CLANG_WARN_OBJC_IMPLICIT_RETAIN_SELF = YES;
				CLANG_WARN_OBJC_LITERAL_CONVERSION = YES;
				CLANG_WARN_OBJC_ROOT_CLASS = YES_ERROR;
				CLANG_WARN_QUOTED_INCLUDE_IN_FRAMEWORK_HEADER = YES;
				CLANG_WARN_RANGE_LOOP_ANALYSIS = YES;
				CLANG_WARN_STRICT_PROTOTYPES = YES;
				CLANG_WARN_SUSPICIOUS_MOVE = YES;
				CLANG_WARN_UNGUARDED_AVAILABILITY = YES_AGGRESSIVE;
				CLANG_WARN_UNREACHABLE_CODE = YES;
				CLANG_WARN__DUPLICATE_METHOD_MATCH = YES;
				COPY_PHASE_STRIP = NO;
				DEBUG_INFORMATION_FORMAT = dwarf;
				ENABLE_STRICT_OBJC_MSGSEND = YES;
				ENABLE_TESTABILITY = YES;
				GCC_C_LANGUAGE_STANDARD = gnu11;
				GCC_DYNAMIC_NO_PIC = NO;
				GCC_NO_COMMON_BLOCKS = YES;
				GCC_OPTIMIZATION_LEVEL = 0;
				GCC_PREPROCESSOR_DEFINITIONS = (
					"DEBUG=1",
					"$(inherited)",
				);
				GCC_WARN_64_TO_32_BIT_CONVERSION = YES;
				GCC_WARN_ABOUT_RETURN_TYPE = YES_ERROR;
				GCC_WARN_UNDECLARED_SELECTOR = YES;
				GCC_WARN_UNINITIALIZED_AUTOS = YES_AGGRESSIVE;
				GCC_WARN_UNUSED_FUNCTION = YES;
				GCC_WARN_UNUSED_VARIABLE = YES;
				IPHONEOS_DEPLOYMENT_TARGET = 16.1;
				MTL_ENABLE_DEBUG_INFO = INCLUDE_SOURCE;
				MTL_FAST_MATH = YES;
				ONLY_ACTIVE_ARCH = YES;
				SDKROOT = iphoneos;
				SWIFT_ACTIVE_COMPILATION_CONDITIONS = DEBUG;
				SWIFT_OPTIMIZATION_LEVEL = "-Onone";
			};
			name = Debug;
		};
		1785339029A296A5001C2415 /* Release */ = {
			isa = XCBuildConfiguration;
			buildSettings = {
				ALWAYS_SEARCH_USER_PATHS = NO;
				CLANG_ANALYZER_NONNULL = YES;
				CLANG_ANALYZER_NUMBER_OBJECT_CONVERSION = YES_AGGRESSIVE;
				CLANG_CXX_LANGUAGE_STANDARD = "gnu++20";
				CLANG_ENABLE_MODULES = YES;
				CLANG_ENABLE_OBJC_ARC = YES;
				CLANG_ENABLE_OBJC_WEAK = YES;
				CLANG_WARN_BLOCK_CAPTURE_AUTORELEASING = YES;
				CLANG_WARN_BOOL_CONVERSION = YES;
				CLANG_WARN_COMMA = YES;
				CLANG_WARN_CONSTANT_CONVERSION = YES;
				CLANG_WARN_DEPRECATED_OBJC_IMPLEMENTATIONS = YES;
				CLANG_WARN_DIRECT_OBJC_ISA_USAGE = YES_ERROR;
				CLANG_WARN_DOCUMENTATION_COMMENTS = YES;
				CLANG_WARN_EMPTY_BODY = YES;
				CLANG_WARN_ENUM_CONVERSION = YES;
				CLANG_WARN_INFINITE_RECURSION = YES;
				CLANG_WARN_INT_CONVERSION = YES;
				CLANG_WARN_NON_LITERAL_NULL_CONVERSION = YES;
				CLANG_WARN_OBJC_IMPLICIT_RETAIN_SELF = YES;
				CLANG_WARN_OBJC_LITERAL_CONVERSION = YES;
				CLANG_WARN_OBJC_ROOT_CLASS = YES_ERROR;
				CLANG_WARN_QUOTED_INCLUDE_IN_FRAMEWORK_HEADER = YES;
				CLANG_WARN_RANGE_LOOP_ANALYSIS = YES;
				CLANG_WARN_STRICT_PROTOTYPES = YES;
				CLANG_WARN_SUSPICIOUS_MOVE = YES;
				CLANG_WARN_UNGUARDED_AVAILABILITY = YES_AGGRESSIVE;
				CLANG_WARN_UNREACHABLE_CODE = YES;
				CLANG_WARN__DUPLICATE_METHOD_MATCH = YES;
				COPY_PHASE_STRIP = NO;
				DEBUG_INFORMATION_FORMAT = "dwarf-with-dsym";
				ENABLE_NS_ASSERTIONS = NO;
				ENABLE_STRICT_OBJC_MSGSEND = YES;
				GCC_C_LANGUAGE_STANDARD = gnu11;
				GCC_NO_COMMON_BLOCKS = YES;
				GCC_WARN_64_TO_32_BIT_CONVERSION = YES;
				GCC_WARN_ABOUT_RETURN_TYPE = YES_ERROR;
				GCC_WARN_UNDECLARED_SELECTOR = YES;
				GCC_WARN_UNINITIALIZED_AUTOS = YES_AGGRESSIVE;
				GCC_WARN_UNUSED_FUNCTION = YES;
				GCC_WARN_UNUSED_VARIABLE = YES;
				IPHONEOS_DEPLOYMENT_TARGET = 16.1;
				MTL_ENABLE_DEBUG_INFO = NO;
				MTL_FAST_MATH = YES;
				SDKROOT = iphoneos;
				SWIFT_COMPILATION_MODE = wholemodule;
				SWIFT_OPTIMIZATION_LEVEL = "-O";
				VALIDATE_PRODUCT = YES;
			};
			name = Release;
		};
		1785339229A296A5001C2415 /* Debug */ = {
			isa = XCBuildConfiguration;
			buildSettings = {
				ASSETCATALOG_COMPILER_APPICON_NAME = AppIcon;
				ASSETCATALOG_COMPILER_GLOBAL_ACCENT_COLOR_NAME = AccentColor;
				CODE_SIGN_STYLE = Automatic;
				CURRENT_PROJECT_VERSION = 1;
				DEVELOPMENT_TEAM = LA9F8MT28T;
				GENERATE_INFOPLIST_FILE = YES;
				INFOPLIST_FILE = ImageFileManage/Resources/Info.plist;
				INFOPLIST_KEY_UIApplicationSupportsIndirectInputEvents = YES;
				INFOPLIST_KEY_UILaunchStoryboardName = LaunchScreen;
				INFOPLIST_KEY_UISupportedInterfaceOrientations = UIInterfaceOrientationPortrait;
				INFOPLIST_KEY_UISupportedInterfaceOrientations_iPad = "UIInterfaceOrientationLandscapeLeft UIInterfaceOrientationLandscapeRight UIInterfaceOrientationPortrait UIInterfaceOrientationPortraitUpsideDown";
				LD_RUNPATH_SEARCH_PATHS = (
					"$(inherited)",
					"@executable_path/Frameworks",
				);
				MARKETING_VERSION = 1.0;
				PRODUCT_BUNDLE_IDENTIFIER = com.karen.ImageFileManage;
				PRODUCT_NAME = "$(TARGET_NAME)";
				SWIFT_EMIT_LOC_STRINGS = YES;
				SWIFT_VERSION = 5.0;
				TARGETED_DEVICE_FAMILY = "1,2";
			};
			name = Debug;
		};
		1785339329A296A5001C2415 /* Release */ = {
			isa = XCBuildConfiguration;
			buildSettings = {
				ASSETCATALOG_COMPILER_APPICON_NAME = AppIcon;
				ASSETCATALOG_COMPILER_GLOBAL_ACCENT_COLOR_NAME = AccentColor;
				CODE_SIGN_STYLE = Automatic;
				CURRENT_PROJECT_VERSION = 1;
				DEVELOPMENT_TEAM = LA9F8MT28T;
				GENERATE_INFOPLIST_FILE = YES;
				INFOPLIST_FILE = ImageFileManage/Resources/Info.plist;
				INFOPLIST_KEY_UIApplicationSupportsIndirectInputEvents = YES;
				INFOPLIST_KEY_UILaunchStoryboardName = LaunchScreen;
				INFOPLIST_KEY_UISupportedInterfaceOrientations = UIInterfaceOrientationPortrait;
				INFOPLIST_KEY_UISupportedInterfaceOrientations_iPad = "UIInterfaceOrientationLandscapeLeft UIInterfaceOrientationLandscapeRight UIInterfaceOrientationPortrait UIInterfaceOrientationPortraitUpsideDown";
				LD_RUNPATH_SEARCH_PATHS = (
					"$(inherited)",
					"@executable_path/Frameworks",
				);
				MARKETING_VERSION = 1.0;
				PRODUCT_BUNDLE_IDENTIFIER = com.karen.ImageFileManage;
				PRODUCT_NAME = "$(TARGET_NAME)";
				SWIFT_EMIT_LOC_STRINGS = YES;
				SWIFT_VERSION = 5.0;
				TARGETED_DEVICE_FAMILY = "1,2";
			};
			name = Release;
		};
/* End XCBuildConfiguration section */

/* Begin XCConfigurationList section */
		1785337829A296A3001C2415 /* Build configuration list for PBXProject "ImageFileManage" */ = {
			isa = XCConfigurationList;
			buildConfigurations = (
				1785338F29A296A5001C2415 /* Debug */,
				1785339029A296A5001C2415 /* Release */,
			);
			defaultConfigurationIsVisible = 0;
			defaultConfigurationName = Release;
		};
		1785339129A296A5001C2415 /* Build configuration list for PBXNativeTarget "ImageFileManage" */ = {
			isa = XCConfigurationList;
			buildConfigurations = (
				1785339229A296A5001C2415 /* Debug */,
				1785339329A296A5001C2415 /* Release */,
			);
			defaultConfigurationIsVisible = 0;
			defaultConfigurationName = Release;
		};
/* End XCConfigurationList section */
	};
	rootObject = 1785337529A296A3001C2415 /* Project object */;
}
