// !$*UTF8*$!
{
	archiveVersion = 1;
	classes = {
	};
	objectVersion = 56;
	objects = {

/* Begin PBXBuildFile section */
		173D2DB52A78EA86001BC3FD /* AppDelegate.swift in Sources */ = {isa = PBXBuildFile; fileRef = 173D2DB42A78EA86001BC3FD /* AppDelegate.swift */; };
		173D2DB72A78EA86001BC3FD /* SceneDelegate.swift in Sources */ = {isa = PBXBuildFile; fileRef = 173D2DB62A78EA86001BC3FD /* SceneDelegate.swift */; };
		173D2DB92A78EA86001BC3FD /* ViewController.swift in Sources */ = {isa = PBXBuildFile; fileRef = 173D2DB82A78EA86001BC3FD /* ViewController.swift */; };
		173D2DBE2A78EA87001BC3FD /* Assets.xcassets in Resources */ = {isa = PBXBuildFile; fileRef = 173D2DBD2A78EA87001BC3FD /* Assets.xcassets */; };
		173D2DC12A78EA87001BC3FD /* LaunchScreen.storyboard in Resources */ = {isa = PBXBuildFile; fileRef = 173D2DBF2A78EA87001BC3FD /* LaunchScreen.storyboard */; };
		173D2DCF2A78EC2F001BC3FD /* Helper.swift in Sources */ = {isa = PBXBuildFile; fileRef = 173D2DCE2A78EC2F001BC3FD /* Helper.swift */; };
		173D2DD12A78ECCA001BC3FD /* CustomImageView.swift in Sources */ = {isa = PBXBuildFile; fileRef = 173D2DD02A78ECCA001BC3FD /* CustomImageView.swift */; };
		173D2DD32A78EF5E001BC3FD /* CustomStackView.swift in Sources */ = {isa = PBXBuildFile; fileRef = 173D2DD22A78EF5E001BC3FD /* CustomStackView.swift */; };
		173D2DD52A78F111001BC3FD /* CustomLabelView.swift in Sources */ = {isa = PBXBuildFile; fileRef = 173D2DD42A78F111001BC3FD /* CustomLabelView.swift */; };
		173D2DD82A78F3D7001BC3FD /* UIColor + Ext.swift in Sources */ = {isa = PBXBuildFile; fileRef = 173D2DD72A78F3D7001BC3FD /* UIColor + Ext.swift */; };
		173D2DDA2A78F5C2001BC3FD /* UIImage + Ext.swift in Sources */ = {isa = PBXBuildFile; fileRef = 173D2DD92A78F5C1001BC3FD /* UIImage + Ext.swift */; };
		173D2DDC2A78F9E9001BC3FD /* CustomUIView.swift in Sources */ = {isa = PBXBuildFile; fileRef = 173D2DDB2A78F9E9001BC3FD /* CustomUIView.swift */; };
		173D2DDE2A7901A4001BC3FD /* UILabel + Ext .swift in Sources */ = {isa = PBXBuildFile; fileRef = 173D2DDD2A7901A4001BC3FD /* UILabel + Ext .swift */; };
		173D2DE02A7913C1001BC3FD /* CustomButtonView.swift in Sources */ = {isa = PBXBuildFile; fileRef = 173D2DDF2A7913C1001BC3FD /* CustomButtonView.swift */; };
		173D2DE22A79245E001BC3FD /* CustomScrollView.swift in Sources */ = {isa = PBXBuildFile; fileRef = 173D2DE12A79245E001BC3FD /* CustomScrollView.swift */; };
		173D2DE52A7931D2001BC3FD /* VC + AddViews.swift in Sources */ = {isa = PBXBuildFile; fileRef = 173D2DE42A7931D2001BC3FD /* VC + AddViews.swift */; };
		173D2DE72A7932AF001BC3FD /* CollectionView.swift in Sources */ = {isa = PBXBuildFile; fileRef = 173D2DE62A7932AF001BC3FD /* CollectionView.swift */; };
		173D2DE92A79376B001BC3FD /* VC + Collection.swift in Sources */ = {isa = PBXBuildFile; fileRef = 173D2DE82A79376B001BC3FD /* VC + Collection.swift */; };
		173D2DEC2A793873001BC3FD /* CustomCollectionViewCell.swift in Sources */ = {isa = PBXBuildFile; fileRef = 173D2DEB2A793873001BC3FD /* CustomCollectionViewCell.swift */; };
		173D2DEE2A795029001BC3FD /* CustomViewFlowLayout.swift in Sources */ = {isa = PBXBuildFile; fileRef = 173D2DED2A795029001BC3FD /* CustomViewFlowLayout.swift */; };
/* End PBXBuildFile section */

/* Begin PBXFileReference section */
		173D2DB12A78EA86001BC3FD /* TestSerfProfile.app */ = {isa = PBXFileReference; explicitFileType = wrapper.application; includeInIndex = 0; path = TestSerfProfile.app; sourceTree = BUILT_PRODUCTS_DIR; };
		173D2DB42A78EA86001BC3FD /* AppDelegate.swift */ = {isa = PBXFileReference; lastKnownFileType = sourcecode.swift; path = AppDelegate.swift; sourceTree = "<group>"; };
		173D2DB62A78EA86001BC3FD /* SceneDelegate.swift */ = {isa = PBXFileReference; lastKnownFileType = sourcecode.swift; path = SceneDelegate.swift; sourceTree = "<group>"; };
		173D2DB82A78EA86001BC3FD /* ViewController.swift */ = {isa = PBXFileReference; lastKnownFileType = sourcecode.swift; path = ViewController.swift; sourceTree = "<group>"; };
		173D2DBD2A78EA87001BC3FD /* Assets.xcassets */ = {isa = PBXFileReference; lastKnownFileType = folder.assetcatalog; path = Assets.xcassets; sourceTree = "<group>"; };
		173D2DC02A78EA87001BC3FD /* Base */ = {isa = PBXFileReference; lastKnownFileType = file.storyboard; name = Base; path = Base.lproj/LaunchScreen.storyboard; sourceTree = "<group>"; };
		173D2DC22A78EA87001BC3FD /* Info.plist */ = {isa = PBXFileReference; lastKnownFileType = text.plist.xml; path = Info.plist; sourceTree = "<group>"; };
		173D2DCE2A78EC2F001BC3FD /* Helper.swift */ = {isa = PBXFileReference; lastKnownFileType = sourcecode.swift; path = Helper.swift; sourceTree = "<group>"; };
		173D2DD02A78ECCA001BC3FD /* CustomImageView.swift */ = {isa = PBXFileReference; lastKnownFileType = sourcecode.swift; path = CustomImageView.swift; sourceTree = "<group>"; };
		173D2DD22A78EF5E001BC3FD /* CustomStackView.swift */ = {isa = PBXFileReference; lastKnownFileType = sourcecode.swift; path = CustomStackView.swift; sourceTree = "<group>"; };
		173D2DD42A78F111001BC3FD /* CustomLabelView.swift */ = {isa = PBXFileReference; lastKnownFileType = sourcecode.swift; path = CustomLabelView.swift; sourceTree = "<group>"; };
		173D2DD72A78F3D7001BC3FD /* UIColor + Ext.swift */ = {isa = PBXFileReference; lastKnownFileType = sourcecode.swift; path = "UIColor + Ext.swift"; sourceTree = "<group>"; };
		173D2DD92A78F5C1001BC3FD /* UIImage + Ext.swift */ = {isa = PBXFileReference; lastKnownFileType = sourcecode.swift; path = "UIImage + Ext.swift"; sourceTree = "<group>"; };
		173D2DDB2A78F9E9001BC3FD /* CustomUIView.swift */ = {isa = PBXFileReference; lastKnownFileType = sourcecode.swift; path = CustomUIView.swift; sourceTree = "<group>"; };
		173D2DDD2A7901A4001BC3FD /* UILabel + Ext .swift */ = {isa = PBXFileReference; lastKnownFileType = sourcecode.swift; path = "UILabel + Ext .swift"; sourceTree = "<group>"; };
		173D2DDF2A7913C1001BC3FD /* CustomButtonView.swift */ = {isa = PBXFileReference; lastKnownFileType = sourcecode.swift; path = CustomButtonView.swift; sourceTree = "<group>"; };
		173D2DE12A79245E001BC3FD /* CustomScrollView.swift */ = {isa = PBXFileReference; lastKnownFileType = sourcecode.swift; path = CustomScrollView.swift; sourceTree = "<group>"; };
		173D2DE42A7931D2001BC3FD /* VC + AddViews.swift */ = {isa = PBXFileReference; lastKnownFileType = sourcecode.swift; path = "VC + AddViews.swift"; sourceTree = "<group>"; };
		173D2DE62A7932AF001BC3FD /* CollectionView.swift */ = {isa = PBXFileReference; lastKnownFileType = sourcecode.swift; path = CollectionView.swift; sourceTree = "<group>"; };
		173D2DE82A79376B001BC3FD /* VC + Collection.swift */ = {isa = PBXFileReference; lastKnownFileType = sourcecode.swift; path = "VC + Collection.swift"; sourceTree = "<group>"; };
		173D2DEB2A793873001BC3FD /* CustomCollectionViewCell.swift */ = {isa = PBXFileReference; lastKnownFileType = sourcecode.swift; path = CustomCollectionViewCell.swift; sourceTree = "<group>"; };
		173D2DED2A795029001BC3FD /* CustomViewFlowLayout.swift */ = {isa = PBXFileReference; lastKnownFileType = sourcecode.swift; path = CustomViewFlowLayout.swift; sourceTree = "<group>"; };
		173D2DF02A7955A7001BC3FD /* SF-Pro-Display-Bold.ttf */ = {isa = PBXFileReference; lastKnownFileType = file; path = "SF-Pro-Display-Bold.ttf"; sourceTree = "<group>"; };
		173D2DF12A7955B3001BC3FD /* SF-Pro-Display-Medium.ttf */ = {isa = PBXFileReference; lastKnownFileType = file; path = "SF-Pro-Display-Medium.ttf"; sourceTree = "<group>"; };
		173D2DF22A7955BF001BC3FD /* SF-Pro-Display-Regular.ttf */ = {isa = PBXFileReference; lastKnownFileType = file; path = "SF-Pro-Display-Regular.ttf"; sourceTree = "<group>"; };
/* End PBXFileReference section */

/* Begin PBXFrameworksBuildPhase section */
		173D2DAE2A78EA86001BC3FD /* Frameworks */ = {
			isa = PBXFrameworksBuildPhase;
			buildActionMask = 2147483647;
			files = (
			);
			runOnlyForDeploymentPostprocessing = 0;
		};
/* End PBXFrameworksBuildPhase section */

/* Begin PBXGroup section */
		173D2DA82A78EA86001BC3FD = {
			isa = PBXGroup;
			children = (
				173D2DB32A78EA86001BC3FD /* TestSerfProfile */,
				173D2DB22A78EA86001BC3FD /* Products */,
			);
			sourceTree = "<group>";
		};
		173D2DB22A78EA86001BC3FD /* Products */ = {
			isa = PBXGroup;
			children = (
				173D2DB12A78EA86001BC3FD /* TestSerfProfile.app */,
			);
			name = Products;
			sourceTree = "<group>";
		};
		173D2DB32A78EA86001BC3FD /* TestSerfProfile */ = {
			isa = PBXGroup;
			children = (
				173D2DCD2A78EC1E001BC3FD /* Helpers */,
				173D2DC92A78EB0A001BC3FD /* Application */,
				173D2DCC2A78EBB2001BC3FD /* Model */,
				173D2DCB2A78EBAD001BC3FD /* View */,
				173D2DCA2A78EB17001BC3FD /* Controller */,
				173D2DC82A78EA9D001BC3FD /* Resources */,
			);
			path = TestSerfProfile;
			sourceTree = "<group>";
		};
		173D2DC82A78EA9D001BC3FD /* Resources */ = {
			isa = PBXGroup;
			children = (
				173D2DBD2A78EA87001BC3FD /* Assets.xcassets */,
				173D2DBF2A78EA87001BC3FD /* LaunchScreen.storyboard */,
				173D2DC22A78EA87001BC3FD /* Info.plist */,
			);
			path = Resources;
			sourceTree = "<group>";
		};
		173D2DC92A78EB0A001BC3FD /* Application */ = {
			isa = PBXGroup;
			children = (
				173D2DB42A78EA86001BC3FD /* AppDelegate.swift */,
				173D2DB62A78EA86001BC3FD /* SceneDelegate.swift */,
			);
			path = Application;
			sourceTree = "<group>";
		};
		173D2DCA2A78EB17001BC3FD /* Controller */ = {
			isa = PBXGroup;
			children = (
				173D2DE32A7931BD001BC3FD /* ExtentionsVC */,
				173D2DB82A78EA86001BC3FD /* ViewController.swift */,
			);
			path = Controller;
			sourceTree = "<group>";
		};
		173D2DCB2A78EBAD001BC3FD /* View */ = {
			isa = PBXGroup;
			children = (
				173D2DD02A78ECCA001BC3FD /* CustomImageView.swift */,
				173D2DD22A78EF5E001BC3FD /* CustomStackView.swift */,
				173D2DD42A78F111001BC3FD /* CustomLabelView.swift */,
				173D2DDB2A78F9E9001BC3FD /* CustomUIView.swift */,
				173D2DDF2A7913C1001BC3FD /* CustomButtonView.swift */,
				173D2DE12A79245E001BC3FD /* CustomScrollView.swift */,
				173D2DEA2A79384C001BC3FD /* Collection */,
			);
			path = View;
			sourceTree = "<group>";
		};
		173D2DCC2A78EBB2001BC3FD /* Model */ = {
			isa = PBXGroup;
			children = (
			);
			path = Model;
			sourceTree = "<group>";
		};
		173D2DCD2A78EC1E001BC3FD /* Helpers */ = {
			isa = PBXGroup;
			children = (
				173D2DEF2A795578001BC3FD /* Fonts */,
				173D2DCE2A78EC2F001BC3FD /* Helper.swift */,
				173D2DD62A78F3C1001BC3FD /* Extentions */,
			);
			path = Helpers;
			sourceTree = "<group>";
		};
		173D2DD62A78F3C1001BC3FD /* Extentions */ = {
			isa = PBXGroup;
			children = (
				173D2DD72A78F3D7001BC3FD /* UIColor + Ext.swift */,
				173D2DD92A78F5C1001BC3FD /* UIImage + Ext.swift */,
				173D2DDD2A7901A4001BC3FD /* UILabel + Ext .swift */,
			);
			path = Extentions;
			sourceTree = "<group>";
		};
		173D2DE32A7931BD001BC3FD /* ExtentionsVC */ = {
			isa = PBXGroup;
			children = (
				173D2DE42A7931D2001BC3FD /* VC + AddViews.swift */,
				173D2DE82A79376B001BC3FD /* VC + Collection.swift */,
			);
			path = ExtentionsVC;
			sourceTree = "<group>";
		};
		173D2DEA2A79384C001BC3FD /* Collection */ = {
			isa = PBXGroup;
			children = (
				173D2DE62A7932AF001BC3FD /* CollectionView.swift */,
				173D2DEB2A793873001BC3FD /* CustomCollectionViewCell.swift */,
				173D2DED2A795029001BC3FD /* CustomViewFlowLayout.swift */,
			);
			path = Collection;
			sourceTree = "<group>";
		};
		173D2DEF2A795578001BC3FD /* Fonts */ = {
			isa = PBXGroup;
			children = (
				173D2DF22A7955BF001BC3FD /* SF-Pro-Display-Regular.ttf */,
				173D2DF12A7955B3001BC3FD /* SF-Pro-Display-Medium.ttf */,
				173D2DF02A7955A7001BC3FD /* SF-Pro-Display-Bold.ttf */,
			);
			path = Fonts;
			sourceTree = "<group>";
		};
/* End PBXGroup section */

/* Begin PBXNativeTarget section */
		173D2DB02A78EA86001BC3FD /* TestSerfProfile */ = {
			isa = PBXNativeTarget;
			buildConfigurationList = 173D2DC52A78EA87001BC3FD /* Build configuration list for PBXNativeTarget "TestSerfProfile" */;
			buildPhases = (
				173D2DAD2A78EA86001BC3FD /* Sources */,
				173D2DAE2A78EA86001BC3FD /* Frameworks */,
				173D2DAF2A78EA86001BC3FD /* Resources */,
			);
			buildRules = (
			);
			dependencies = (
			);
			name = TestSerfProfile;
			productName = TestSerfProfile;
			productReference = 173D2DB12A78EA86001BC3FD /* TestSerfProfile.app */;
			productType = "com.apple.product-type.application";
		};
/* End PBXNativeTarget section */

/* Begin PBXProject section */
		173D2DA92A78EA86001BC3FD /* Project object */ = {
			isa = PBXProject;
			attributes = {
				BuildIndependentTargetsInParallel = 1;
				LastSwiftUpdateCheck = 1430;
				LastUpgradeCheck = 1430;
				TargetAttributes = {
					173D2DB02A78EA86001BC3FD = {
						CreatedOnToolsVersion = 14.3.1;
					};
				};
			};
			buildConfigurationList = 173D2DAC2A78EA86001BC3FD /* Build configuration list for PBXProject "TestSerfProfile" */;
			compatibilityVersion = "Xcode 14.0";
			developmentRegion = en;
			hasScannedForEncodings = 0;
			knownRegions = (
				en,
				Base,
			);
			mainGroup = 173D2DA82A78EA86001BC3FD;
			productRefGroup = 173D2DB22A78EA86001BC3FD /* Products */;
			projectDirPath = "";
			projectRoot = "";
			targets = (
				173D2DB02A78EA86001BC3FD /* TestSerfProfile */,
			);
		};
/* End PBXProject section */

/* Begin PBXResourcesBuildPhase section */
		173D2DAF2A78EA86001BC3FD /* Resources */ = {
			isa = PBXResourcesBuildPhase;
			buildActionMask = 2147483647;
			files = (
				173D2DC12A78EA87001BC3FD /* LaunchScreen.storyboard in Resources */,
				173D2DBE2A78EA87001BC3FD /* Assets.xcassets in Resources */,
			);
			runOnlyForDeploymentPostprocessing = 0;
		};
/* End PBXResourcesBuildPhase section */

/* Begin PBXSourcesBuildPhase section */
		173D2DAD2A78EA86001BC3FD /* Sources */ = {
			isa = PBXSourcesBuildPhase;
			buildActionMask = 2147483647;
			files = (
				173D2DE92A79376B001BC3FD /* VC + Collection.swift in Sources */,
				173D2DD32A78EF5E001BC3FD /* CustomStackView.swift in Sources */,
				173D2DE52A7931D2001BC3FD /* VC + AddViews.swift in Sources */,
				173D2DDC2A78F9E9001BC3FD /* CustomUIView.swift in Sources */,
				173D2DD52A78F111001BC3FD /* CustomLabelView.swift in Sources */,
				173D2DE02A7913C1001BC3FD /* CustomButtonView.swift in Sources */,
				173D2DE22A79245E001BC3FD /* CustomScrollView.swift in Sources */,
				173D2DE72A7932AF001BC3FD /* CollectionView.swift in Sources */,
				173D2DEC2A793873001BC3FD /* CustomCollectionViewCell.swift in Sources */,
				173D2DB92A78EA86001BC3FD /* ViewController.swift in Sources */,
				173D2DB52A78EA86001BC3FD /* AppDelegate.swift in Sources */,
				173D2DB72A78EA86001BC3FD /* SceneDelegate.swift in Sources */,
				173D2DCF2A78EC2F001BC3FD /* Helper.swift in Sources */,
				173D2DD12A78ECCA001BC3FD /* CustomImageView.swift in Sources */,
				173D2DDE2A7901A4001BC3FD /* UILabel + Ext .swift in Sources */,
				173D2DD82A78F3D7001BC3FD /* UIColor + Ext.swift in Sources */,
				173D2DDA2A78F5C2001BC3FD /* UIImage + Ext.swift in Sources */,
				173D2DEE2A795029001BC3FD /* CustomViewFlowLayout.swift in Sources */,
			);
			runOnlyForDeploymentPostprocessing = 0;
		};
/* End PBXSourcesBuildPhase section */

/* Begin PBXVariantGroup section */
		173D2DBF2A78EA87001BC3FD /* LaunchScreen.storyboard */ = {
			isa = PBXVariantGroup;
			children = (
				173D2DC02A78EA87001BC3FD /* Base */,
			);
			name = LaunchScreen.storyboard;
			sourceTree = "<group>";
		};
/* End PBXVariantGroup section */

/* Begin XCBuildConfiguration section */
		173D2DC32A78EA87001BC3FD /* Debug */ = {
			isa = XCBuildConfiguration;
			buildSettings = {
				ALWAYS_SEARCH_USER_PATHS = NO;
				CLANG_ANALYZER_NONNULL = YES;
				CLANG_ANALYZER_NUMBER_OBJECT_CONVERSION = YES_AGGRESSIVE;
				CLANG_CXX_LANGUAGE_STANDARD = "gnu++20";
				CLANG_ENABLE_MODULES = YES;
				CLANG_ENABLE_OBJC_ARC = YES;
				CLANG_ENABLE_OBJC_WEAK = YES;
				CLANG_WARN_BLOCK_CAPTURE_AUTORELEASING = YES;
				CLANG_WARN_BOOL_CONVERSION = YES;
				CLANG_WARN_COMMA = YES;
				CLANG_WARN_CONSTANT_CONVERSION = YES;
				CLANG_WARN_DEPRECATED_OBJC_IMPLEMENTATIONS = YES;
				CLANG_WARN_DIRECT_OBJC_ISA_USAGE = YES_ERROR;
				CLANG_WARN_DOCUMENTATION_COMMENTS = YES;
				CLANG_WARN_EMPTY_BODY = YES;
				CLANG_WARN_ENUM_CONVERSION = YES;
				CLANG_WARN_INFINITE_RECURSION = YES;
				CLANG_WARN_INT_CONVERSION = YES;
				CLANG_WARN_NON_LITERAL_NULL_CONVERSION = YES;
				CLANG_WARN_OBJC_IMPLICIT_RETAIN_SELF = YES;
				CLANG_WARN_OBJC_LITERAL_CONVERSION = YES;
				CLANG_WARN_OBJC_ROOT_CLASS = YES_ERROR;
				CLANG_WARN_QUOTED_INCLUDE_IN_FRAMEWORK_HEADER = YES;
				CLANG_WARN_RANGE_LOOP_ANALYSIS = YES;
				CLANG_WARN_STRICT_PROTOTYPES = YES;
				CLANG_WARN_SUSPICIOUS_MOVE = YES;
				CLANG_WARN_UNGUARDED_AVAILABILITY = YES_AGGRESSIVE;
				CLANG_WARN_UNREACHABLE_CODE = YES;
				CLANG_WARN__DUPLICATE_METHOD_MATCH = YES;
				COPY_PHASE_STRIP = NO;
				DEBUG_INFORMATION_FORMAT = dwarf;
				ENABLE_STRICT_OBJC_MSGSEND = YES;
				ENABLE_TESTABILITY = YES;
				GCC_C_LANGUAGE_STANDARD = gnu11;
				GCC_DYNAMIC_NO_PIC = NO;
				GCC_NO_COMMON_BLOCKS = YES;
				GCC_OPTIMIZATION_LEVEL = 0;
				GCC_PREPROCESSOR_DEFINITIONS = (
					"DEBUG=1",
					"$(inherited)",
				);
				GCC_WARN_64_TO_32_BIT_CONVERSION = YES;
				GCC_WARN_ABOUT_RETURN_TYPE = YES_ERROR;
				GCC_WARN_UNDECLARED_SELECTOR = YES;
				GCC_WARN_UNINITIALIZED_AUTOS = YES_AGGRESSIVE;
				GCC_WARN_UNUSED_FUNCTION = YES;
				GCC_WARN_UNUSED_VARIABLE = YES;
				IPHONEOS_DEPLOYMENT_TARGET = 16.4;
				MTL_ENABLE_DEBUG_INFO = INCLUDE_SOURCE;
				MTL_FAST_MATH = YES;
				ONLY_ACTIVE_ARCH = YES;
				SDKROOT = iphoneos;
				SWIFT_ACTIVE_COMPILATION_CONDITIONS = DEBUG;
				SWIFT_OPTIMIZATION_LEVEL = "-Onone";
			};
			name = Debug;
		};
		173D2DC42A78EA87001BC3FD /* Release */ = {
			isa = XCBuildConfiguration;
			buildSettings = {
				ALWAYS_SEARCH_USER_PATHS = NO;
				CLANG_ANALYZER_NONNULL = YES;
				CLANG_ANALYZER_NUMBER_OBJECT_CONVERSION = YES_AGGRESSIVE;
				CLANG_CXX_LANGUAGE_STANDARD = "gnu++20";
				CLANG_ENABLE_MODULES = YES;
				CLANG_ENABLE_OBJC_ARC = YES;
				CLANG_ENABLE_OBJC_WEAK = YES;
				CLANG_WARN_BLOCK_CAPTURE_AUTORELEASING = YES;
				CLANG_WARN_BOOL_CONVERSION = YES;
				CLANG_WARN_COMMA = YES;
				CLANG_WARN_CONSTANT_CONVERSION = YES;
				CLANG_WARN_DEPRECATED_OBJC_IMPLEMENTATIONS = YES;
				CLANG_WARN_DIRECT_OBJC_ISA_USAGE = YES_ERROR;
				CLANG_WARN_DOCUMENTATION_COMMENTS = YES;
				CLANG_WARN_EMPTY_BODY = YES;
				CLANG_WARN_ENUM_CONVERSION = YES;
				CLANG_WARN_INFINITE_RECURSION = YES;
				CLANG_WARN_INT_CONVERSION = YES;
				CLANG_WARN_NON_LITERAL_NULL_CONVERSION = YES;
				CLANG_WARN_OBJC_IMPLICIT_RETAIN_SELF = YES;
				CLANG_WARN_OBJC_LITERAL_CONVERSION = YES;
				CLANG_WARN_OBJC_ROOT_CLASS = YES_ERROR;
				CLANG_WARN_QUOTED_INCLUDE_IN_FRAMEWORK_HEADER = YES;
				CLANG_WARN_RANGE_LOOP_ANALYSIS = YES;
				CLANG_WARN_STRICT_PROTOTYPES = YES;
				CLANG_WARN_SUSPICIOUS_MOVE = YES;
				CLANG_WARN_UNGUARDED_AVAILABILITY = YES_AGGRESSIVE;
				CLANG_WARN_UNREACHABLE_CODE = YES;
				CLANG_WARN__DUPLICATE_METHOD_MATCH = YES;
				COPY_PHASE_STRIP = NO;
				DEBUG_INFORMATION_FORMAT = "dwarf-with-dsym";
				ENABLE_NS_ASSERTIONS = NO;
				ENABLE_STRICT_OBJC_MSGSEND = YES;
				GCC_C_LANGUAGE_STANDARD = gnu11;
				GCC_NO_COMMON_BLOCKS = YES;
				GCC_WARN_64_TO_32_BIT_CONVERSION = YES;
				GCC_WARN_ABOUT_RETURN_TYPE = YES_ERROR;
				GCC_WARN_UNDECLARED_SELECTOR = YES;
				GCC_WARN_UNINITIALIZED_AUTOS = YES_AGGRESSIVE;
				GCC_WARN_UNUSED_FUNCTION = YES;
				GCC_WARN_UNUSED_VARIABLE = YES;
				IPHONEOS_DEPLOYMENT_TARGET = 16.4;
				MTL_ENABLE_DEBUG_INFO = NO;
				MTL_FAST_MATH = YES;
				SDKROOT = iphoneos;
				SWIFT_COMPILATION_MODE = wholemodule;
				SWIFT_OPTIMIZATION_LEVEL = "-O";
				VALIDATE_PRODUCT = YES;
			};
			name = Release;
		};
		173D2DC62A78EA87001BC3FD /* Debug */ = {
			isa = XCBuildConfiguration;
			buildSettings = {
				ASSETCATALOG_COMPILER_APPICON_NAME = AppIcon;
				ASSETCATALOG_COMPILER_GLOBAL_ACCENT_COLOR_NAME = AccentColor;
				CODE_SIGN_STYLE = Automatic;
				CURRENT_PROJECT_VERSION = 1;
				DEVELOPMENT_TEAM = LA9F8MT28T;
				GENERATE_INFOPLIST_FILE = YES;
				INFOPLIST_FILE = TestSerfProfile/Resources/Info.plist;
				INFOPLIST_KEY_UIApplicationSupportsIndirectInputEvents = YES;
				INFOPLIST_KEY_UILaunchStoryboardName = LaunchScreen;
				INFOPLIST_KEY_UISupportedInterfaceOrientations = UIInterfaceOrientationPortrait;
				INFOPLIST_KEY_UISupportedInterfaceOrientations_iPad = "UIInterfaceOrientationLandscapeLeft UIInterfaceOrientationLandscapeRight UIInterfaceOrientationPortrait UIInterfaceOrientationPortraitUpsideDown";
				LD_RUNPATH_SEARCH_PATHS = (
					"$(inherited)",
					"@executable_path/Frameworks",
				);
				MARKETING_VERSION = 1.0;
				PRODUCT_BUNDLE_IDENTIFIER = com.karen.TestSerfProfile;
				PRODUCT_NAME = "$(TARGET_NAME)";
				SUPPORTED_PLATFORMS = "iphoneos iphonesimulator";
				SUPPORTS_MACCATALYST = NO;
				SUPPORTS_MAC_DESIGNED_FOR_IPHONE_IPAD = NO;
				SWIFT_EMIT_LOC_STRINGS = YES;
				SWIFT_VERSION = 5.0;
				TARGETED_DEVICE_FAMILY = 1;
			};
			name = Debug;
		};
		173D2DC72A78EA87001BC3FD /* Release */ = {
			isa = XCBuildConfiguration;
			buildSettings = {
				ASSETCATALOG_COMPILER_APPICON_NAME = AppIcon;
				ASSETCATALOG_COMPILER_GLOBAL_ACCENT_COLOR_NAME = AccentColor;
				CODE_SIGN_STYLE = Automatic;
				CURRENT_PROJECT_VERSION = 1;
				DEVELOPMENT_TEAM = LA9F8MT28T;
				GENERATE_INFOPLIST_FILE = YES;
				INFOPLIST_FILE = TestSerfProfile/Resources/Info.plist;
				INFOPLIST_KEY_UIApplicationSupportsIndirectInputEvents = YES;
				INFOPLIST_KEY_UILaunchStoryboardName = LaunchScreen;
				INFOPLIST_KEY_UISupportedInterfaceOrientations = UIInterfaceOrientationPortrait;
				INFOPLIST_KEY_UISupportedInterfaceOrientations_iPad = "UIInterfaceOrientationLandscapeLeft UIInterfaceOrientationLandscapeRight UIInterfaceOrientationPortrait UIInterfaceOrientationPortraitUpsideDown";
				LD_RUNPATH_SEARCH_PATHS = (
					"$(inherited)",
					"@executable_path/Frameworks",
				);
				MARKETING_VERSION = 1.0;
				PRODUCT_BUNDLE_IDENTIFIER = com.karen.TestSerfProfile;
				PRODUCT_NAME = "$(TARGET_NAME)";
				SUPPORTED_PLATFORMS = "iphoneos iphonesimulator";
				SUPPORTS_MACCATALYST = NO;
				SUPPORTS_MAC_DESIGNED_FOR_IPHONE_IPAD = NO;
				SWIFT_EMIT_LOC_STRINGS = YES;
				SWIFT_VERSION = 5.0;
				TARGETED_DEVICE_FAMILY = 1;
			};
			name = Release;
		};
/* End XCBuildConfiguration section */

/* Begin XCConfigurationList section */
		173D2DAC2A78EA86001BC3FD /* Build configuration list for PBXProject "TestSerfProfile" */ = {
			isa = XCConfigurationList;
			buildConfigurations = (
				173D2DC32A78EA87001BC3FD /* Debug */,
				173D2DC42A78EA87001BC3FD /* Release */,
			);
			defaultConfigurationIsVisible = 0;
			defaultConfigurationName = Release;
		};
		173D2DC52A78EA87001BC3FD /* Build configuration list for PBXNativeTarget "TestSerfProfile" */ = {
			isa = XCConfigurationList;
			buildConfigurations = (
				173D2DC62A78EA87001BC3FD /* Debug */,
				173D2DC72A78EA87001BC3FD /* Release */,
			);
			defaultConfigurationIsVisible = 0;
			defaultConfigurationName = Release;
		};
/* End XCConfigurationList section */
	};
	rootObject = 173D2DA92A78EA86001BC3FD /* Project object */;
}
