// !$*UTF8*$!
{
	archiveVersion = 1;
	classes = {
	};
	objectVersion = 56;
	objects = {

/* Begin PBXBuildFile section */
		173F02312A37C65B00782653 /* HomeTableViewController.swift in Sources */ = {isa = PBXBuildFile; fileRef = 173F02302A37C65B00782653 /* HomeTableViewController.swift */; };
		173F02332A37C71A00782653 /* WeatherTableViewCell.swift in Sources */ = {isa = PBXBuildFile; fileRef = 173F02322A37C71A00782653 /* WeatherTableViewCell.swift */; };
		173F02362A37C7E100782653 /* Helper.swift in Sources */ = {isa = PBXBuildFile; fileRef = 173F02352A37C7E100782653 /* Helper.swift */; };
		173F02382A37CA7200782653 /* WeatherDatum.swift in Sources */ = {isa = PBXBuildFile; fileRef = 173F02372A37CA7200782653 /* WeatherDatum.swift */; };
		173F023C2A387C6200782653 /* APIKeys.swift in Sources */ = {isa = PBXBuildFile; fileRef = 173F023B2A387C6100782653 /* APIKeys.swift */; };
		173F02402A38906C00782653 /* CustomLabel.swift in Sources */ = {isa = PBXBuildFile; fileRef = 173F023F2A38906C00782653 /* CustomLabel.swift */; };
		173F02422A3892AB00782653 /* CustomStackView.swift in Sources */ = {isa = PBXBuildFile; fileRef = 173F02412A3892AB00782653 /* CustomStackView.swift */; };
		173F02442A38BD6D00782653 /* APIService.swift in Sources */ = {isa = PBXBuildFile; fileRef = 173F02432A38BD6D00782653 /* APIService.swift */; };
		17D4BAE72A409B6400BB1376 /* Weather.swift in Sources */ = {isa = PBXBuildFile; fileRef = 17D4BAE62A409B6400BB1376 /* Weather.swift */; };
		17E4925B29AFC9D900DE5E8A /* AppDelegate.swift in Sources */ = {isa = PBXBuildFile; fileRef = 17E4925A29AFC9D900DE5E8A /* AppDelegate.swift */; };
		17E4925D29AFC9D900DE5E8A /* SceneDelegate.swift in Sources */ = {isa = PBXBuildFile; fileRef = 17E4925C29AFC9D900DE5E8A /* SceneDelegate.swift */; };
		17E4926429AFC9DB00DE5E8A /* Assets.xcassets in Resources */ = {isa = PBXBuildFile; fileRef = 17E4926329AFC9DB00DE5E8A /* Assets.xcassets */; };
		17E4926729AFC9DB00DE5E8A /* LaunchScreen.storyboard in Resources */ = {isa = PBXBuildFile; fileRef = 17E4926529AFC9DB00DE5E8A /* LaunchScreen.storyboard */; };
/* End PBXBuildFile section */

/* Begin PBXFileReference section */
		173F02302A37C65B00782653 /* HomeTableViewController.swift */ = {isa = PBXFileReference; lastKnownFileType = sourcecode.swift; path = HomeTableViewController.swift; sourceTree = "<group>"; };
		173F02322A37C71A00782653 /* WeatherTableViewCell.swift */ = {isa = PBXFileReference; lastKnownFileType = sourcecode.swift; path = WeatherTableViewCell.swift; sourceTree = "<group>"; };
		173F02352A37C7E100782653 /* Helper.swift */ = {isa = PBXFileReference; lastKnownFileType = sourcecode.swift; path = Helper.swift; sourceTree = "<group>"; };
		173F02372A37CA7200782653 /* WeatherDatum.swift */ = {isa = PBXFileReference; lastKnownFileType = sourcecode.swift; path = WeatherDatum.swift; sourceTree = "<group>"; };
		173F023B2A387C6100782653 /* APIKeys.swift */ = {isa = PBXFileReference; lastKnownFileType = sourcecode.swift; path = APIKeys.swift; sourceTree = "<group>"; };
		173F023F2A38906C00782653 /* CustomLabel.swift */ = {isa = PBXFileReference; lastKnownFileType = sourcecode.swift; path = CustomLabel.swift; sourceTree = "<group>"; };
		173F02412A3892AB00782653 /* CustomStackView.swift */ = {isa = PBXFileReference; lastKnownFileType = sourcecode.swift; path = CustomStackView.swift; sourceTree = "<group>"; };
		173F02432A38BD6D00782653 /* APIService.swift */ = {isa = PBXFileReference; lastKnownFileType = sourcecode.swift; path = APIService.swift; sourceTree = "<group>"; };
		17D4BAE62A409B6400BB1376 /* Weather.swift */ = {isa = PBXFileReference; lastKnownFileType = sourcecode.swift; path = Weather.swift; sourceTree = "<group>"; };
		17E4925729AFC9D900DE5E8A /* WeatherTestTaskJunior.app */ = {isa = PBXFileReference; explicitFileType = wrapper.application; includeInIndex = 0; path = WeatherTestTaskJunior.app; sourceTree = BUILT_PRODUCTS_DIR; };
		17E4925A29AFC9D900DE5E8A /* AppDelegate.swift */ = {isa = PBXFileReference; lastKnownFileType = sourcecode.swift; path = AppDelegate.swift; sourceTree = "<group>"; };
		17E4925C29AFC9D900DE5E8A /* SceneDelegate.swift */ = {isa = PBXFileReference; lastKnownFileType = sourcecode.swift; path = SceneDelegate.swift; sourceTree = "<group>"; };
		17E4926329AFC9DB00DE5E8A /* Assets.xcassets */ = {isa = PBXFileReference; lastKnownFileType = folder.assetcatalog; path = Assets.xcassets; sourceTree = "<group>"; };
		17E4926629AFC9DB00DE5E8A /* Base */ = {isa = PBXFileReference; lastKnownFileType = file.storyboard; name = Base; path = Base.lproj/LaunchScreen.storyboard; sourceTree = "<group>"; };
		17E4926829AFC9DB00DE5E8A /* Info.plist */ = {isa = PBXFileReference; lastKnownFileType = text.plist.xml; path = Info.plist; sourceTree = "<group>"; };
/* End PBXFileReference section */

/* Begin PBXFrameworksBuildPhase section */
		17E4925429AFC9D900DE5E8A /* Frameworks */ = {
			isa = PBXFrameworksBuildPhase;
			buildActionMask = 2147483647;
			files = (
			);
			runOnlyForDeploymentPostprocessing = 0;
		};
/* End PBXFrameworksBuildPhase section */

/* Begin PBXGroup section */
		173F022D2A37C5E900782653 /* View */ = {
			isa = PBXGroup;
			children = (
				173F02322A37C71A00782653 /* WeatherTableViewCell.swift */,
				173F023F2A38906C00782653 /* CustomLabel.swift */,
				173F02412A3892AB00782653 /* CustomStackView.swift */,
			);
			path = View;
			sourceTree = "<group>";
		};
		173F022E2A37C5F900782653 /* Model */ = {
			isa = PBXGroup;
			children = (
				173F02372A37CA7200782653 /* WeatherDatum.swift */,
				173F02432A38BD6D00782653 /* APIService.swift */,
				17D4BAE62A409B6400BB1376 /* Weather.swift */,
			);
			path = Model;
			sourceTree = "<group>";
		};
		173F022F2A37C60300782653 /* Controller */ = {
			isa = PBXGroup;
			children = (
				173F02302A37C65B00782653 /* HomeTableViewController.swift */,
			);
			path = Controller;
			sourceTree = "<group>";
		};
		173F02342A37C7D500782653 /* Helpers */ = {
			isa = PBXGroup;
			children = (
				173F02352A37C7E100782653 /* Helper.swift */,
				173F023B2A387C6100782653 /* APIKeys.swift */,
			);
			path = Helpers;
			sourceTree = "<group>";
		};
		17E4924E29AFC9D900DE5E8A = {
			isa = PBXGroup;
			children = (
				17E4925929AFC9D900DE5E8A /* WeatherTestTaskJunior */,
				17E4925829AFC9D900DE5E8A /* Products */,
			);
			sourceTree = "<group>";
		};
		17E4925829AFC9D900DE5E8A /* Products */ = {
			isa = PBXGroup;
			children = (
				17E4925729AFC9D900DE5E8A /* WeatherTestTaskJunior.app */,
			);
			name = Products;
			sourceTree = "<group>";
		};
		17E4925929AFC9D900DE5E8A /* WeatherTestTaskJunior */ = {
			isa = PBXGroup;
			children = (
				173F02342A37C7D500782653 /* Helpers */,
				17E4926F29AFCD0500DE5E8A /* Applications */,
				173F022E2A37C5F900782653 /* Model */,
				173F022D2A37C5E900782653 /* View */,
				173F022F2A37C60300782653 /* Controller */,
				17E4926E29AFCA6500DE5E8A /* Resources */,
			);
			path = WeatherTestTaskJunior;
			sourceTree = "<group>";
		};
		17E4926E29AFCA6500DE5E8A /* Resources */ = {
			isa = PBXGroup;
			children = (
				17E4926329AFC9DB00DE5E8A /* Assets.xcassets */,
				17E4926529AFC9DB00DE5E8A /* LaunchScreen.storyboard */,
				17E4926829AFC9DB00DE5E8A /* Info.plist */,
			);
			path = Resources;
			sourceTree = "<group>";
		};
		17E4926F29AFCD0500DE5E8A /* Applications */ = {
			isa = PBXGroup;
			children = (
				17E4925A29AFC9D900DE5E8A /* AppDelegate.swift */,
				17E4925C29AFC9D900DE5E8A /* SceneDelegate.swift */,
			);
			path = Applications;
			sourceTree = "<group>";
		};
/* End PBXGroup section */

/* Begin PBXNativeTarget section */
		17E4925629AFC9D900DE5E8A /* WeatherTestTaskJunior */ = {
			isa = PBXNativeTarget;
			buildConfigurationList = 17E4926B29AFC9DB00DE5E8A /* Build configuration list for PBXNativeTarget "WeatherTestTaskJunior" */;
			buildPhases = (
				17E4925329AFC9D900DE5E8A /* Sources */,
				17E4925429AFC9D900DE5E8A /* Frameworks */,
				17E4925529AFC9D900DE5E8A /* Resources */,
			);
			buildRules = (
			);
			dependencies = (
			);
			name = WeatherTestTaskJunior;
			productName = WeatherTestTaskJunior;
			productReference = 17E4925729AFC9D900DE5E8A /* WeatherTestTaskJunior.app */;
			productType = "com.apple.product-type.application";
		};
/* End PBXNativeTarget section */

/* Begin PBXProject section */
		17E4924F29AFC9D900DE5E8A /* Project object */ = {
			isa = PBXProject;
			attributes = {
				BuildIndependentTargetsInParallel = 1;
				LastSwiftUpdateCheck = 1410;
				LastUpgradeCheck = 1410;
				TargetAttributes = {
					17E4925629AFC9D900DE5E8A = {
						CreatedOnToolsVersion = 14.1;
					};
				};
			};
			buildConfigurationList = 17E4925229AFC9D900DE5E8A /* Build configuration list for PBXProject "WeatherTestTaskJunior" */;
			compatibilityVersion = "Xcode 14.0";
			developmentRegion = en;
			hasScannedForEncodings = 0;
			knownRegions = (
				en,
				Base,
			);
			mainGroup = 17E4924E29AFC9D900DE5E8A;
			productRefGroup = 17E4925829AFC9D900DE5E8A /* Products */;
			projectDirPath = "";
			projectRoot = "";
			targets = (
				17E4925629AFC9D900DE5E8A /* WeatherTestTaskJunior */,
			);
		};
/* End PBXProject section */

/* Begin PBXResourcesBuildPhase section */
		17E4925529AFC9D900DE5E8A /* Resources */ = {
			isa = PBXResourcesBuildPhase;
			buildActionMask = 2147483647;
			files = (
				17E4926729AFC9DB00DE5E8A /* LaunchScreen.storyboard in Resources */,
				17E4926429AFC9DB00DE5E8A /* Assets.xcassets in Resources */,
			);
			runOnlyForDeploymentPostprocessing = 0;
		};
/* End PBXResourcesBuildPhase section */

/* Begin PBXSourcesBuildPhase section */
		17E4925329AFC9D900DE5E8A /* Sources */ = {
			isa = PBXSourcesBuildPhase;
			buildActionMask = 2147483647;
			files = (
				17E4925B29AFC9D900DE5E8A /* AppDelegate.swift in Sources */,
				173F02402A38906C00782653 /* CustomLabel.swift in Sources */,
				173F02312A37C65B00782653 /* HomeTableViewController.swift in Sources */,
				17D4BAE72A409B6400BB1376 /* Weather.swift in Sources */,
				173F02362A37C7E100782653 /* Helper.swift in Sources */,
				173F02422A3892AB00782653 /* CustomStackView.swift in Sources */,
				173F02332A37C71A00782653 /* WeatherTableViewCell.swift in Sources */,
				173F023C2A387C6200782653 /* APIKeys.swift in Sources */,
				173F02382A37CA7200782653 /* WeatherDatum.swift in Sources */,
				173F02442A38BD6D00782653 /* APIService.swift in Sources */,
				17E4925D29AFC9D900DE5E8A /* SceneDelegate.swift in Sources */,
			);
			runOnlyForDeploymentPostprocessing = 0;
		};
/* End PBXSourcesBuildPhase section */

/* Begin PBXVariantGroup section */
		17E4926529AFC9DB00DE5E8A /* LaunchScreen.storyboard */ = {
			isa = PBXVariantGroup;
			children = (
				17E4926629AFC9DB00DE5E8A /* Base */,
			);
			name = LaunchScreen.storyboard;
			sourceTree = "<group>";
		};
/* End PBXVariantGroup section */

/* Begin XCBuildConfiguration section */
		17E4926929AFC9DB00DE5E8A /* Debug */ = {
			isa = XCBuildConfiguration;
			buildSettings = {
				ALWAYS_SEARCH_USER_PATHS = NO;
				CLANG_ANALYZER_NONNULL = YES;
				CLANG_ANALYZER_NUMBER_OBJECT_CONVERSION = YES_AGGRESSIVE;
				CLANG_CXX_LANGUAGE_STANDARD = "gnu++20";
				CLANG_ENABLE_MODULES = YES;
				CLANG_ENABLE_OBJC_ARC = YES;
				CLANG_ENABLE_OBJC_WEAK = YES;
				CLANG_WARN_BLOCK_CAPTURE_AUTORELEASING = YES;
				CLANG_WARN_BOOL_CONVERSION = YES;
				CLANG_WARN_COMMA = YES;
				CLANG_WARN_CONSTANT_CONVERSION = YES;
				CLANG_WARN_DEPRECATED_OBJC_IMPLEMENTATIONS = YES;
				CLANG_WARN_DIRECT_OBJC_ISA_USAGE = YES_ERROR;
				CLANG_WARN_DOCUMENTATION_COMMENTS = YES;
				CLANG_WARN_EMPTY_BODY = YES;
				CLANG_WARN_ENUM_CONVERSION = YES;
				CLANG_WARN_INFINITE_RECURSION = YES;
				CLANG_WARN_INT_CONVERSION = YES;
				CLANG_WARN_NON_LITERAL_NULL_CONVERSION = YES;
				CLANG_WARN_OBJC_IMPLICIT_RETAIN_SELF = YES;
				CLANG_WARN_OBJC_LITERAL_CONVERSION = YES;
				CLANG_WARN_OBJC_ROOT_CLASS = YES_ERROR;
				CLANG_WARN_QUOTED_INCLUDE_IN_FRAMEWORK_HEADER = YES;
				CLANG_WARN_RANGE_LOOP_ANALYSIS = YES;
				CLANG_WARN_STRICT_PROTOTYPES = YES;
				CLANG_WARN_SUSPICIOUS_MOVE = YES;
				CLANG_WARN_UNGUARDED_AVAILABILITY = YES_AGGRESSIVE;
				CLANG_WARN_UNREACHABLE_CODE = YES;
				CLANG_WARN__DUPLICATE_METHOD_MATCH = YES;
				COPY_PHASE_STRIP = NO;
				DEBUG_INFORMATION_FORMAT = dwarf;
				ENABLE_STRICT_OBJC_MSGSEND = YES;
				ENABLE_TESTABILITY = YES;
				GCC_C_LANGUAGE_STANDARD = gnu11;
				GCC_DYNAMIC_NO_PIC = NO;
				GCC_NO_COMMON_BLOCKS = YES;
				GCC_OPTIMIZATION_LEVEL = 0;
				GCC_PREPROCESSOR_DEFINITIONS = (
					"DEBUG=1",
					"$(inherited)",
				);
				GCC_WARN_64_TO_32_BIT_CONVERSION = YES;
				GCC_WARN_ABOUT_RETURN_TYPE = YES_ERROR;
				GCC_WARN_UNDECLARED_SELECTOR = YES;
				GCC_WARN_UNINITIALIZED_AUTOS = YES_AGGRESSIVE;
				GCC_WARN_UNUSED_FUNCTION = YES;
				GCC_WARN_UNUSED_VARIABLE = YES;
				IPHONEOS_DEPLOYMENT_TARGET = 16.1;
				MTL_ENABLE_DEBUG_INFO = INCLUDE_SOURCE;
				MTL_FAST_MATH = YES;
				ONLY_ACTIVE_ARCH = YES;
				SDKROOT = iphoneos;
				SWIFT_ACTIVE_COMPILATION_CONDITIONS = DEBUG;
				SWIFT_OPTIMIZATION_LEVEL = "-Onone";
			};
			name = Debug;
		};
		17E4926A29AFC9DB00DE5E8A /* Release */ = {
			isa = XCBuildConfiguration;
			buildSettings = {
				ALWAYS_SEARCH_USER_PATHS = NO;
				CLANG_ANALYZER_NONNULL = YES;
				CLANG_ANALYZER_NUMBER_OBJECT_CONVERSION = YES_AGGRESSIVE;
				CLANG_CXX_LANGUAGE_STANDARD = "gnu++20";
				CLANG_ENABLE_MODULES = YES;
				CLANG_ENABLE_OBJC_ARC = YES;
				CLANG_ENABLE_OBJC_WEAK = YES;
				CLANG_WARN_BLOCK_CAPTURE_AUTORELEASING = YES;
				CLANG_WARN_BOOL_CONVERSION = YES;
				CLANG_WARN_COMMA = YES;
				CLANG_WARN_CONSTANT_CONVERSION = YES;
				CLANG_WARN_DEPRECATED_OBJC_IMPLEMENTATIONS = YES;
				CLANG_WARN_DIRECT_OBJC_ISA_USAGE = YES_ERROR;
				CLANG_WARN_DOCUMENTATION_COMMENTS = YES;
				CLANG_WARN_EMPTY_BODY = YES;
				CLANG_WARN_ENUM_CONVERSION = YES;
				CLANG_WARN_INFINITE_RECURSION = YES;
				CLANG_WARN_INT_CONVERSION = YES;
				CLANG_WARN_NON_LITERAL_NULL_CONVERSION = YES;
				CLANG_WARN_OBJC_IMPLICIT_RETAIN_SELF = YES;
				CLANG_WARN_OBJC_LITERAL_CONVERSION = YES;
				CLANG_WARN_OBJC_ROOT_CLASS = YES_ERROR;
				CLANG_WARN_QUOTED_INCLUDE_IN_FRAMEWORK_HEADER = YES;
				CLANG_WARN_RANGE_LOOP_ANALYSIS = YES;
				CLANG_WARN_STRICT_PROTOTYPES = YES;
				CLANG_WARN_SUSPICIOUS_MOVE = YES;
				CLANG_WARN_UNGUARDED_AVAILABILITY = YES_AGGRESSIVE;
				CLANG_WARN_UNREACHABLE_CODE = YES;
				CLANG_WARN__DUPLICATE_METHOD_MATCH = YES;
				COPY_PHASE_STRIP = NO;
				DEBUG_INFORMATION_FORMAT = "dwarf-with-dsym";
				ENABLE_NS_ASSERTIONS = NO;
				ENABLE_STRICT_OBJC_MSGSEND = YES;
				GCC_C_LANGUAGE_STANDARD = gnu11;
				GCC_NO_COMMON_BLOCKS = YES;
				GCC_WARN_64_TO_32_BIT_CONVERSION = YES;
				GCC_WARN_ABOUT_RETURN_TYPE = YES_ERROR;
				GCC_WARN_UNDECLARED_SELECTOR = YES;
				GCC_WARN_UNINITIALIZED_AUTOS = YES_AGGRESSIVE;
				GCC_WARN_UNUSED_FUNCTION = YES;
				GCC_WARN_UNUSED_VARIABLE = YES;
				IPHONEOS_DEPLOYMENT_TARGET = 16.1;
				MTL_ENABLE_DEBUG_INFO = NO;
				MTL_FAST_MATH = YES;
				SDKROOT = iphoneos;
				SWIFT_COMPILATION_MODE = wholemodule;
				SWIFT_OPTIMIZATION_LEVEL = "-O";
				VALIDATE_PRODUCT = YES;
			};
			name = Release;
		};
		17E4926C29AFC9DB00DE5E8A /* Debug */ = {
			isa = XCBuildConfiguration;
			buildSettings = {
				ASSETCATALOG_COMPILER_APPICON_NAME = AppIcon;
				ASSETCATALOG_COMPILER_GLOBAL_ACCENT_COLOR_NAME = AccentColor;
				CODE_SIGN_STYLE = Automatic;
				CURRENT_PROJECT_VERSION = 1;
				DEVELOPMENT_TEAM = LA9F8MT28T;
				GENERATE_INFOPLIST_FILE = YES;
				INFOPLIST_FILE = WeatherTestTaskJunior/Resources/Info.plist;
				INFOPLIST_KEY_UIApplicationSupportsIndirectInputEvents = YES;
				INFOPLIST_KEY_UILaunchStoryboardName = LaunchScreen;
				INFOPLIST_KEY_UISupportedInterfaceOrientations = UIInterfaceOrientationPortrait;
				INFOPLIST_KEY_UISupportedInterfaceOrientations_iPad = "UIInterfaceOrientationLandscapeLeft UIInterfaceOrientationLandscapeRight UIInterfaceOrientationPortrait UIInterfaceOrientationPortraitUpsideDown";
				IPHONEOS_DEPLOYMENT_TARGET = 13.0;
				LD_RUNPATH_SEARCH_PATHS = (
					"$(inherited)",
					"@executable_path/Frameworks",
				);
				MARKETING_VERSION = 1.0;
				PRODUCT_BUNDLE_IDENTIFIER = com.karen.WeatherTestTaskJunior;
				PRODUCT_NAME = "$(TARGET_NAME)";
				SUPPORTED_PLATFORMS = "iphoneos iphonesimulator";
				SUPPORTS_MACCATALYST = NO;
				SUPPORTS_MAC_DESIGNED_FOR_IPHONE_IPAD = NO;
				SWIFT_EMIT_LOC_STRINGS = YES;
				SWIFT_VERSION = 5.0;
				TARGETED_DEVICE_FAMILY = 1;
			};
			name = Debug;
		};
		17E4926D29AFC9DB00DE5E8A /* Release */ = {
			isa = XCBuildConfiguration;
			buildSettings = {
				ASSETCATALOG_COMPILER_APPICON_NAME = AppIcon;
				ASSETCATALOG_COMPILER_GLOBAL_ACCENT_COLOR_NAME = AccentColor;
				CODE_SIGN_STYLE = Automatic;
				CURRENT_PROJECT_VERSION = 1;
				DEVELOPMENT_TEAM = LA9F8MT28T;
				GENERATE_INFOPLIST_FILE = YES;
				INFOPLIST_FILE = WeatherTestTaskJunior/Resources/Info.plist;
				INFOPLIST_KEY_UIApplicationSupportsIndirectInputEvents = YES;
				INFOPLIST_KEY_UILaunchStoryboardName = LaunchScreen;
				INFOPLIST_KEY_UISupportedInterfaceOrientations = UIInterfaceOrientationPortrait;
				INFOPLIST_KEY_UISupportedInterfaceOrientations_iPad = "UIInterfaceOrientationLandscapeLeft UIInterfaceOrientationLandscapeRight UIInterfaceOrientationPortrait UIInterfaceOrientationPortraitUpsideDown";
				IPHONEOS_DEPLOYMENT_TARGET = 13.0;
				LD_RUNPATH_SEARCH_PATHS = (
					"$(inherited)",
					"@executable_path/Frameworks",
				);
				MARKETING_VERSION = 1.0;
				PRODUCT_BUNDLE_IDENTIFIER = com.karen.WeatherTestTaskJunior;
				PRODUCT_NAME = "$(TARGET_NAME)";
				SUPPORTED_PLATFORMS = "iphoneos iphonesimulator";
				SUPPORTS_MACCATALYST = NO;
				SUPPORTS_MAC_DESIGNED_FOR_IPHONE_IPAD = NO;
				SWIFT_EMIT_LOC_STRINGS = YES;
				SWIFT_VERSION = 5.0;
				TARGETED_DEVICE_FAMILY = 1;
			};
			name = Release;
		};
/* End XCBuildConfiguration section */

/* Begin XCConfigurationList section */
		17E4925229AFC9D900DE5E8A /* Build configuration list for PBXProject "WeatherTestTaskJunior" */ = {
			isa = XCConfigurationList;
			buildConfigurations = (
				17E4926929AFC9DB00DE5E8A /* Debug */,
				17E4926A29AFC9DB00DE5E8A /* Release */,
			);
			defaultConfigurationIsVisible = 0;
			defaultConfigurationName = Release;
		};
		17E4926B29AFC9DB00DE5E8A /* Build configuration list for PBXNativeTarget "WeatherTestTaskJunior" */ = {
			isa = XCConfigurationList;
			buildConfigurations = (
				17E4926C29AFC9DB00DE5E8A /* Debug */,
				17E4926D29AFC9DB00DE5E8A /* Release */,
			);
			defaultConfigurationIsVisible = 0;
			defaultConfigurationName = Release;
		};
/* End XCConfigurationList section */
	};
	rootObject = 17E4924F29AFC9D900DE5E8A /* Project object */;
}
