// !$*UTF8*$!
{
	archiveVersion = 1;
	classes = {
	};
	objectVersion = 56;
	objects = {

/* Begin PBXBuildFile section */
		17266D272A6E58E9008E56DE /* AppDelegate.swift in Sources */ = {isa = PBXBuildFile; fileRef = 17266D262A6E58E9008E56DE /* AppDelegate.swift */; };
		17266D292A6E58E9008E56DE /* SceneDelegate.swift in Sources */ = {isa = PBXBuildFile; fileRef = 17266D282A6E58E9008E56DE /* SceneDelegate.swift */; };
		17266D2B2A6E58E9008E56DE /* ViewController.swift in Sources */ = {isa = PBXBuildFile; fileRef = 17266D2A2A6E58E9008E56DE /* ViewController.swift */; };
		17266D2E2A6E58E9008E56DE /* Main.storyboard in Resources */ = {isa = PBXBuildFile; fileRef = 17266D2C2A6E58E9008E56DE /* Main.storyboard */; };
		17266D302A6E58EB008E56DE /* Assets.xcassets in Resources */ = {isa = PBXBuildFile; fileRef = 17266D2F2A6E58EB008E56DE /* Assets.xcassets */; };
		17266D332A6E58EB008E56DE /* LaunchScreen.storyboard in Resources */ = {isa = PBXBuildFile; fileRef = 17266D312A6E58EB008E56DE /* LaunchScreen.storyboard */; };
		17266D3B2A6E5E79008E56DE /* PaymentTableViewCell.swift in Sources */ = {isa = PBXBuildFile; fileRef = 17266D3A2A6E5E79008E56DE /* PaymentTableViewCell.swift */; };
		17266D3E2A6E6B45008E56DE /* SnapKit in Frameworks */ = {isa = PBXBuildFile; productRef = 17266D3D2A6E6B45008E56DE /* SnapKit */; };
/* End PBXBuildFile section */

/* Begin PBXFileReference section */
		17266D232A6E58E9008E56DE /* TestForITCron.app */ = {isa = PBXFileReference; explicitFileType = wrapper.application; includeInIndex = 0; path = TestForITCron.app; sourceTree = BUILT_PRODUCTS_DIR; };
		17266D262A6E58E9008E56DE /* AppDelegate.swift */ = {isa = PBXFileReference; lastKnownFileType = sourcecode.swift; path = AppDelegate.swift; sourceTree = "<group>"; };
		17266D282A6E58E9008E56DE /* SceneDelegate.swift */ = {isa = PBXFileReference; lastKnownFileType = sourcecode.swift; path = SceneDelegate.swift; sourceTree = "<group>"; };
		17266D2A2A6E58E9008E56DE /* ViewController.swift */ = {isa = PBXFileReference; lastKnownFileType = sourcecode.swift; path = ViewController.swift; sourceTree = "<group>"; };
		17266D2D2A6E58E9008E56DE /* Base */ = {isa = PBXFileReference; lastKnownFileType = file.storyboard; name = Base; path = Base.lproj/Main.storyboard; sourceTree = "<group>"; };
		17266D2F2A6E58EB008E56DE /* Assets.xcassets */ = {isa = PBXFileReference; lastKnownFileType = folder.assetcatalog; path = Assets.xcassets; sourceTree = "<group>"; };
		17266D322A6E58EB008E56DE /* Base */ = {isa = PBXFileReference; lastKnownFileType = file.storyboard; name = Base; path = Base.lproj/LaunchScreen.storyboard; sourceTree = "<group>"; };
		17266D342A6E58EB008E56DE /* Info.plist */ = {isa = PBXFileReference; lastKnownFileType = text.plist.xml; path = Info.plist; sourceTree = "<group>"; };
		17266D3A2A6E5E79008E56DE /* PaymentTableViewCell.swift */ = {isa = PBXFileReference; lastKnownFileType = sourcecode.swift; path = PaymentTableViewCell.swift; sourceTree = "<group>"; };
/* End PBXFileReference section */

/* Begin PBXFrameworksBuildPhase section */
		17266D202A6E58E9008E56DE /* Frameworks */ = {
			isa = PBXFrameworksBuildPhase;
			buildActionMask = 2147483647;
			files = (
				17266D3E2A6E6B45008E56DE /* SnapKit in Frameworks */,
			);
			runOnlyForDeploymentPostprocessing = 0;
		};
/* End PBXFrameworksBuildPhase section */

/* Begin PBXGroup section */
		17266D1A2A6E58E9008E56DE = {
			isa = PBXGroup;
			children = (
				17266D252A6E58E9008E56DE /* TestForITCron */,
				17266D242A6E58E9008E56DE /* Products */,
			);
			sourceTree = "<group>";
		};
		17266D242A6E58E9008E56DE /* Products */ = {
			isa = PBXGroup;
			children = (
				17266D232A6E58E9008E56DE /* TestForITCron.app */,
			);
			name = Products;
			sourceTree = "<group>";
		};
		17266D252A6E58E9008E56DE /* TestForITCron */ = {
			isa = PBXGroup;
			children = (
				17266D262A6E58E9008E56DE /* AppDelegate.swift */,
				17266D282A6E58E9008E56DE /* SceneDelegate.swift */,
				17266D2A2A6E58E9008E56DE /* ViewController.swift */,
				17266D3A2A6E5E79008E56DE /* PaymentTableViewCell.swift */,
				17266D2C2A6E58E9008E56DE /* Main.storyboard */,
				17266D2F2A6E58EB008E56DE /* Assets.xcassets */,
				17266D312A6E58EB008E56DE /* LaunchScreen.storyboard */,
				17266D342A6E58EB008E56DE /* Info.plist */,
			);
			path = TestForITCron;
			sourceTree = "<group>";
		};
/* End PBXGroup section */

/* Begin PBXNativeTarget section */
		17266D222A6E58E9008E56DE /* TestForITCron */ = {
			isa = PBXNativeTarget;
			buildConfigurationList = 17266D372A6E58EB008E56DE /* Build configuration list for PBXNativeTarget "TestForITCron" */;
			buildPhases = (
				17266D1F2A6E58E9008E56DE /* Sources */,
				17266D202A6E58E9008E56DE /* Frameworks */,
				17266D212A6E58E9008E56DE /* Resources */,
			);
			buildRules = (
			);
			dependencies = (
			);
			name = TestForITCron;
			packageProductDependencies = (
				17266D3D2A6E6B45008E56DE /* SnapKit */,
			);
			productName = TestForITCron;
			productReference = 17266D232A6E58E9008E56DE /* TestForITCron.app */;
			productType = "com.apple.product-type.application";
		};
/* End PBXNativeTarget section */

/* Begin PBXProject section */
		17266D1B2A6E58E9008E56DE /* Project object */ = {
			isa = PBXProject;
			attributes = {
				BuildIndependentTargetsInParallel = 1;
				LastSwiftUpdateCheck = 1430;
				LastUpgradeCheck = 1430;
				TargetAttributes = {
					17266D222A6E58E9008E56DE = {
						CreatedOnToolsVersion = 14.3.1;
					};
				};
			};
			buildConfigurationList = 17266D1E2A6E58E9008E56DE /* Build configuration list for PBXProject "TestForITCron" */;
			compatibilityVersion = "Xcode 14.0";
			developmentRegion = en;
			hasScannedForEncodings = 0;
			knownRegions = (
				en,
				Base,
			);
			mainGroup = 17266D1A2A6E58E9008E56DE;
			packageReferences = (
				17266D3C2A6E6B45008E56DE /* XCRemoteSwiftPackageReference "SnapKit" */,
			);
			productRefGroup = 17266D242A6E58E9008E56DE /* Products */;
			projectDirPath = "";
			projectRoot = "";
			targets = (
				17266D222A6E58E9008E56DE /* TestForITCron */,
			);
		};
/* End PBXProject section */

/* Begin PBXResourcesBuildPhase section */
		17266D212A6E58E9008E56DE /* Resources */ = {
			isa = PBXResourcesBuildPhase;
			buildActionMask = 2147483647;
			files = (
				17266D332A6E58EB008E56DE /* LaunchScreen.storyboard in Resources */,
				17266D302A6E58EB008E56DE /* Assets.xcassets in Resources */,
				17266D2E2A6E58E9008E56DE /* Main.storyboard in Resources */,
			);
			runOnlyForDeploymentPostprocessing = 0;
		};
/* End PBXResourcesBuildPhase section */

/* Begin PBXSourcesBuildPhase section */
		17266D1F2A6E58E9008E56DE /* Sources */ = {
			isa = PBXSourcesBuildPhase;
			buildActionMask = 2147483647;
			files = (
				17266D2B2A6E58E9008E56DE /* ViewController.swift in Sources */,
				17266D272A6E58E9008E56DE /* AppDelegate.swift in Sources */,
				17266D3B2A6E5E79008E56DE /* PaymentTableViewCell.swift in Sources */,
				17266D292A6E58E9008E56DE /* SceneDelegate.swift in Sources */,
			);
			runOnlyForDeploymentPostprocessing = 0;
		};
/* End PBXSourcesBuildPhase section */

/* Begin PBXVariantGroup section */
		17266D2C2A6E58E9008E56DE /* Main.storyboard */ = {
			isa = PBXVariantGroup;
			children = (
				17266D2D2A6E58E9008E56DE /* Base */,
			);
			name = Main.storyboard;
			sourceTree = "<group>";
		};
		17266D312A6E58EB008E56DE /* LaunchScreen.storyboard */ = {
			isa = PBXVariantGroup;
			children = (
				17266D322A6E58EB008E56DE /* Base */,
			);
			name = LaunchScreen.storyboard;
			sourceTree = "<group>";
		};
/* End PBXVariantGroup section */

/* Begin XCBuildConfiguration section */
		17266D352A6E58EB008E56DE /* Debug */ = {
			isa = XCBuildConfiguration;
			buildSettings = {
				ALWAYS_SEARCH_USER_PATHS = NO;
				CLANG_ANALYZER_NONNULL = YES;
				CLANG_ANALYZER_NUMBER_OBJECT_CONVERSION = YES_AGGRESSIVE;
				CLANG_CXX_LANGUAGE_STANDARD = "gnu++20";
				CLANG_ENABLE_MODULES = YES;
				CLANG_ENABLE_OBJC_ARC = YES;
				CLANG_ENABLE_OBJC_WEAK = YES;
				CLANG_WARN_BLOCK_CAPTURE_AUTORELEASING = YES;
				CLANG_WARN_BOOL_CONVERSION = YES;
				CLANG_WARN_COMMA = YES;
				CLANG_WARN_CONSTANT_CONVERSION = YES;
				CLANG_WARN_DEPRECATED_OBJC_IMPLEMENTATIONS = YES;
				CLANG_WARN_DIRECT_OBJC_ISA_USAGE = YES_ERROR;
				CLANG_WARN_DOCUMENTATION_COMMENTS = YES;
				CLANG_WARN_EMPTY_BODY = YES;
				CLANG_WARN_ENUM_CONVERSION = YES;
				CLANG_WARN_INFINITE_RECURSION = YES;
				CLANG_WARN_INT_CONVERSION = YES;
				CLANG_WARN_NON_LITERAL_NULL_CONVERSION = YES;
				CLANG_WARN_OBJC_IMPLICIT_RETAIN_SELF = YES;
				CLANG_WARN_OBJC_LITERAL_CONVERSION = YES;
				CLANG_WARN_OBJC_ROOT_CLASS = YES_ERROR;
				CLANG_WARN_QUOTED_INCLUDE_IN_FRAMEWORK_HEADER = YES;
				CLANG_WARN_RANGE_LOOP_ANALYSIS = YES;
				CLANG_WARN_STRICT_PROTOTYPES = YES;
				CLANG_WARN_SUSPICIOUS_MOVE = YES;
				CLANG_WARN_UNGUARDED_AVAILABILITY = YES_AGGRESSIVE;
				CLANG_WARN_UNREACHABLE_CODE = YES;
				CLANG_WARN__DUPLICATE_METHOD_MATCH = YES;
				COPY_PHASE_STRIP = NO;
				DEBUG_INFORMATION_FORMAT = dwarf;
				ENABLE_STRICT_OBJC_MSGSEND = YES;
				ENABLE_TESTABILITY = YES;
				GCC_C_LANGUAGE_STANDARD = gnu11;
				GCC_DYNAMIC_NO_PIC = NO;
				GCC_NO_COMMON_BLOCKS = YES;
				GCC_OPTIMIZATION_LEVEL = 0;
				GCC_PREPROCESSOR_DEFINITIONS = (
					"DEBUG=1",
					"$(inherited)",
				);
				GCC_WARN_64_TO_32_BIT_CONVERSION = YES;
				GCC_WARN_ABOUT_RETURN_TYPE = YES_ERROR;
				GCC_WARN_UNDECLARED_SELECTOR = YES;
				GCC_WARN_UNINITIALIZED_AUTOS = YES_AGGRESSIVE;
				GCC_WARN_UNUSED_FUNCTION = YES;
				GCC_WARN_UNUSED_VARIABLE = YES;
				IPHONEOS_DEPLOYMENT_TARGET = 16.4;
				MTL_ENABLE_DEBUG_INFO = INCLUDE_SOURCE;
				MTL_FAST_MATH = YES;
				ONLY_ACTIVE_ARCH = YES;
				SDKROOT = iphoneos;
				SWIFT_ACTIVE_COMPILATION_CONDITIONS = DEBUG;
				SWIFT_OPTIMIZATION_LEVEL = "-Onone";
			};
			name = Debug;
		};
		17266D362A6E58EB008E56DE /* Release */ = {
			isa = XCBuildConfiguration;
			buildSettings = {
				ALWAYS_SEARCH_USER_PATHS = NO;
				CLANG_ANALYZER_NONNULL = YES;
				CLANG_ANALYZER_NUMBER_OBJECT_CONVERSION = YES_AGGRESSIVE;
				CLANG_CXX_LANGUAGE_STANDARD = "gnu++20";
				CLANG_ENABLE_MODULES = YES;
				CLANG_ENABLE_OBJC_ARC = YES;
				CLANG_ENABLE_OBJC_WEAK = YES;
				CLANG_WARN_BLOCK_CAPTURE_AUTORELEASING = YES;
				CLANG_WARN_BOOL_CONVERSION = YES;
				CLANG_WARN_COMMA = YES;
				CLANG_WARN_CONSTANT_CONVERSION = YES;
				CLANG_WARN_DEPRECATED_OBJC_IMPLEMENTATIONS = YES;
				CLANG_WARN_DIRECT_OBJC_ISA_USAGE = YES_ERROR;
				CLANG_WARN_DOCUMENTATION_COMMENTS = YES;
				CLANG_WARN_EMPTY_BODY = YES;
				CLANG_WARN_ENUM_CONVERSION = YES;
				CLANG_WARN_INFINITE_RECURSION = YES;
				CLANG_WARN_INT_CONVERSION = YES;
				CLANG_WARN_NON_LITERAL_NULL_CONVERSION = YES;
				CLANG_WARN_OBJC_IMPLICIT_RETAIN_SELF = YES;
				CLANG_WARN_OBJC_LITERAL_CONVERSION = YES;
				CLANG_WARN_OBJC_ROOT_CLASS = YES_ERROR;
				CLANG_WARN_QUOTED_INCLUDE_IN_FRAMEWORK_HEADER = YES;
				CLANG_WARN_RANGE_LOOP_ANALYSIS = YES;
				CLANG_WARN_STRICT_PROTOTYPES = YES;
				CLANG_WARN_SUSPICIOUS_MOVE = YES;
				CLANG_WARN_UNGUARDED_AVAILABILITY = YES_AGGRESSIVE;
				CLANG_WARN_UNREACHABLE_CODE = YES;
				CLANG_WARN__DUPLICATE_METHOD_MATCH = YES;
				COPY_PHASE_STRIP = NO;
				DEBUG_INFORMATION_FORMAT = "dwarf-with-dsym";
				ENABLE_NS_ASSERTIONS = NO;
				ENABLE_STRICT_OBJC_MSGSEND = YES;
				GCC_C_LANGUAGE_STANDARD = gnu11;
				GCC_NO_COMMON_BLOCKS = YES;
				GCC_WARN_64_TO_32_BIT_CONVERSION = YES;
				GCC_WARN_ABOUT_RETURN_TYPE = YES_ERROR;
				GCC_WARN_UNDECLARED_SELECTOR = YES;
				GCC_WARN_UNINITIALIZED_AUTOS = YES_AGGRESSIVE;
				GCC_WARN_UNUSED_FUNCTION = YES;
				GCC_WARN_UNUSED_VARIABLE = YES;
				IPHONEOS_DEPLOYMENT_TARGET = 16.4;
				MTL_ENABLE_DEBUG_INFO = NO;
				MTL_FAST_MATH = YES;
				SDKROOT = iphoneos;
				SWIFT_COMPILATION_MODE = wholemodule;
				SWIFT_OPTIMIZATION_LEVEL = "-O";
				VALIDATE_PRODUCT = YES;
			};
			name = Release;
		};
		17266D382A6E58EB008E56DE /* Debug */ = {
			isa = XCBuildConfiguration;
			buildSettings = {
				ASSETCATALOG_COMPILER_APPICON_NAME = AppIcon;
				ASSETCATALOG_COMPILER_GLOBAL_ACCENT_COLOR_NAME = AccentColor;
				CODE_SIGN_STYLE = Automatic;
				CURRENT_PROJECT_VERSION = 1;
				DEVELOPMENT_TEAM = LA9F8MT28T;
				GENERATE_INFOPLIST_FILE = YES;
				INFOPLIST_FILE = TestForITCron/Info.plist;
				INFOPLIST_KEY_UIApplicationSupportsIndirectInputEvents = YES;
				INFOPLIST_KEY_UILaunchStoryboardName = LaunchScreen;
				INFOPLIST_KEY_UIMainStoryboardFile = Main;
				INFOPLIST_KEY_UISupportedInterfaceOrientations_iPad = "UIInterfaceOrientationPortrait UIInterfaceOrientationPortraitUpsideDown UIInterfaceOrientationLandscapeLeft UIInterfaceOrientationLandscapeRight";
				INFOPLIST_KEY_UISupportedInterfaceOrientations_iPhone = "UIInterfaceOrientationPortrait UIInterfaceOrientationLandscapeLeft UIInterfaceOrientationLandscapeRight";
				LD_RUNPATH_SEARCH_PATHS = (
					"$(inherited)",
					"@executable_path/Frameworks",
				);
				MARKETING_VERSION = 1.0;
				PRODUCT_BUNDLE_IDENTIFIER = com.karen.TestForITCron;
				PRODUCT_NAME = "$(TARGET_NAME)";
				SWIFT_EMIT_LOC_STRINGS = YES;
				SWIFT_VERSION = 5.0;
				TARGETED_DEVICE_FAMILY = "1,2";
			};
			name = Debug;
		};
		17266D392A6E58EB008E56DE /* Release */ = {
			isa = XCBuildConfiguration;
			buildSettings = {
				ASSETCATALOG_COMPILER_APPICON_NAME = AppIcon;
				ASSETCATALOG_COMPILER_GLOBAL_ACCENT_COLOR_NAME = AccentColor;
				CODE_SIGN_STYLE = Automatic;
				CURRENT_PROJECT_VERSION = 1;
				DEVELOPMENT_TEAM = LA9F8MT28T;
				GENERATE_INFOPLIST_FILE = YES;
				INFOPLIST_FILE = TestForITCron/Info.plist;
				INFOPLIST_KEY_UIApplicationSupportsIndirectInputEvents = YES;
				INFOPLIST_KEY_UILaunchStoryboardName = LaunchScreen;
				INFOPLIST_KEY_UIMainStoryboardFile = Main;
				INFOPLIST_KEY_UISupportedInterfaceOrientations_iPad = "UIInterfaceOrientationPortrait UIInterfaceOrientationPortraitUpsideDown UIInterfaceOrientationLandscapeLeft UIInterfaceOrientationLandscapeRight";
				INFOPLIST_KEY_UISupportedInterfaceOrientations_iPhone = "UIInterfaceOrientationPortrait UIInterfaceOrientationLandscapeLeft UIInterfaceOrientationLandscapeRight";
				LD_RUNPATH_SEARCH_PATHS = (
					"$(inherited)",
					"@executable_path/Frameworks",
				);
				MARKETING_VERSION = 1.0;
				PRODUCT_BUNDLE_IDENTIFIER = com.karen.TestForITCron;
				PRODUCT_NAME = "$(TARGET_NAME)";
				SWIFT_EMIT_LOC_STRINGS = YES;
				SWIFT_VERSION = 5.0;
				TARGETED_DEVICE_FAMILY = "1,2";
			};
			name = Release;
		};
/* End XCBuildConfiguration section */

/* Begin XCConfigurationList section */
		17266D1E2A6E58E9008E56DE /* Build configuration list for PBXProject "TestForITCron" */ = {
			isa = XCConfigurationList;
			buildConfigurations = (
				17266D352A6E58EB008E56DE /* Debug */,
				17266D362A6E58EB008E56DE /* Release */,
			);
			defaultConfigurationIsVisible = 0;
			defaultConfigurationName = Release;
		};
		17266D372A6E58EB008E56DE /* Build configuration list for PBXNativeTarget "TestForITCron" */ = {
			isa = XCConfigurationList;
			buildConfigurations = (
				17266D382A6E58EB008E56DE /* Debug */,
				17266D392A6E58EB008E56DE /* Release */,
			);
			defaultConfigurationIsVisible = 0;
			defaultConfigurationName = Release;
		};
/* End XCConfigurationList section */

/* Begin XCRemoteSwiftPackageReference section */
		17266D3C2A6E6B45008E56DE /* XCRemoteSwiftPackageReference "SnapKit" */ = {
			isa = XCRemoteSwiftPackageReference;
			repositoryURL = "https://github.com/SnapKit/SnapKit.git";
			requirement = {
				kind = upToNextMajorVersion;
				minimumVersion = 5.0.0;
			};
		};
/* End XCRemoteSwiftPackageReference section */

/* Begin XCSwiftPackageProductDependency section */
		17266D3D2A6E6B45008E56DE /* SnapKit */ = {
			isa = XCSwiftPackageProductDependency;
			package = 17266D3C2A6E6B45008E56DE /* XCRemoteSwiftPackageReference "SnapKit" */;
			productName = SnapKit;
		};
/* End XCSwiftPackageProductDependency section */
	};
	rootObject = 17266D1B2A6E58E9008E56DE /* Project object */;
}
